// !$*UTF8*$!
{
	archiveVersion = 1;
	classes = {
	};
	objectVersion = 54;
	objects = {

/* Begin PBXAggregateTarget section */
		"w3w-swift-components-ocr::w3w-swift-components-ocrPackageTests::ProductTarget" /* w3w-swift-components-ocrPackageTests */ = {
			isa = PBXAggregateTarget;
			buildConfigurationList = OBJ_126 /* Build configuration list for PBXAggregateTarget "w3w-swift-components-ocrPackageTests" */;
			buildPhases = (
			);
			dependencies = (
				OBJ_129 /* PBXTargetDependency */,
			);
			name = "w3w-swift-components-ocrPackageTests";
			productName = "w3w-swift-components-ocrPackageTests";
		};
/* End PBXAggregateTarget section */

/* Begin PBXBuildFile section */
		01C84C5928B7AABD00333454 /* W3WOcrProtocol.swift in Sources */ = {isa = PBXBuildFile; fileRef = 01C84C5328B7AABD00333454 /* W3WOcrProtocol.swift */; };
		01C84C5A28B7AABD00333454 /* W3WOcrSdkWrapper.swift in Sources */ = {isa = PBXBuildFile; fileRef = 01C84C5428B7AABD00333454 /* W3WOcrSdkWrapper.swift */; };
		01C84C5B28B7AABD00333454 /* W3WOcrDataTypes.swift in Sources */ = {isa = PBXBuildFile; fileRef = 01C84C5528B7AABD00333454 /* W3WOcrDataTypes.swift */; };
		01C84C5C28B7AABD00333454 /* W3WOcrHybrid.swift in Sources */ = {isa = PBXBuildFile; fileRef = 01C84C5628B7AABD00333454 /* W3WOcrHybrid.swift */; };
		01C84C5D28B7AABD00333454 /* W3WVideoStream.swift in Sources */ = {isa = PBXBuildFile; fileRef = 01C84C5728B7AABD00333454 /* W3WVideoStream.swift */; };
		01C84C5E28B7AABD00333454 /* W3WOcrNative.swift in Sources */ = {isa = PBXBuildFile; fileRef = 01C84C5828B7AABD00333454 /* W3WOcrNative.swift */; };
		01EF31B7291E6CFB002710D9 /* w3w.xcframework in Frameworks */ = {isa = PBXBuildFile; fileRef = 01EF31B4291E6CFA002710D9 /* w3w.xcframework */; platformFilter = ios; };
		01EF31B9291E6CFB002710D9 /* W3WOcrSdk.xcframework in Frameworks */ = {isa = PBXBuildFile; fileRef = 01EF31B5291E6CFA002710D9 /* W3WOcrSdk.xcframework */; platformFilter = ios; };
		768128132B465AC400331AEE /* W3WOcrViewController+closeButton.swift in Sources */ = {isa = PBXBuildFile; fileRef = 768128122B465AC400331AEE /* W3WOcrViewController+closeButton.swift */; };
		76A58E242B35A3E3003785F9 /* W3WSwiftDesign in Frameworks */ = {isa = PBXBuildFile; productRef = 76A58E232B35A3E3003785F9 /* W3WSwiftDesign */; };
		76A58E262B35A3EF003785F9 /* W3WSwiftDesign in Frameworks */ = {isa = PBXBuildFile; productRef = 76A58E252B35A3EF003785F9 /* W3WSwiftDesign */; };
		76A58E282B35A552003785F9 /* W3WOcrViewController+theme.swift in Sources */ = {isa = PBXBuildFile; fileRef = 76A58E272B35A552003785F9 /* W3WOcrViewController+theme.swift */; };
		76A58E402B35BD3C003785F9 /* FakeApi.swift in Sources */ = {isa = PBXBuildFile; fileRef = 76A58E3F2B35BD3C003785F9 /* FakeApi.swift */; };
		OBJ_100 /* W3WCameraImageProcessor.swift in Sources */ = {isa = PBXBuildFile; fileRef = OBJ_10 /* W3WCameraImageProcessor.swift */; };
		OBJ_101 /* W3WOcrCamera.swift in Sources */ = {isa = PBXBuildFile; fileRef = OBJ_11 /* W3WOcrCamera.swift */; };
		OBJ_102 /* W3WOcrBackgroundLayer.swift in Sources */ = {isa = PBXBuildFile; fileRef = OBJ_13 /* W3WOcrBackgroundLayer.swift */; };
		OBJ_103 /* W3WOcrViewfinderLayer.swift in Sources */ = {isa = PBXBuildFile; fileRef = OBJ_14 /* W3WOcrViewfinderLayer.swift */; };
		OBJ_104 /* W3WOcrBoxManager.swift in Sources */ = {isa = PBXBuildFile; fileRef = OBJ_16 /* W3WOcrBoxManager.swift */; };
		OBJ_105 /* W3WOcrCoordinateMaths.swift in Sources */ = {isa = PBXBuildFile; fileRef = OBJ_17 /* W3WOcrCoordinateMaths.swift */; };
		OBJ_106 /* W3WOcrFakeImage.swift in Sources */ = {isa = PBXBuildFile; fileRef = OBJ_18 /* W3WOcrFakeImage.swift */; };
		OBJ_107 /* W3WOcrInteruptionObserver.swift in Sources */ = {isa = PBXBuildFile; fileRef = OBJ_19 /* W3WOcrInteruptionObserver.swift */; };
		OBJ_108 /* W3WOcrOrientationObserver.swift in Sources */ = {isa = PBXBuildFile; fileRef = OBJ_20 /* W3WOcrOrientationObserver.swift */; };
		OBJ_109 /* W3WOcrThread.swift in Sources */ = {isa = PBXBuildFile; fileRef = OBJ_21 /* W3WOcrThread.swift */; };
		OBJ_110 /* W3WOcrBasicView.swift in Sources */ = {isa = PBXBuildFile; fileRef = OBJ_23 /* W3WOcrBasicView.swift */; };
		OBJ_111 /* W3WOcrBox.swift in Sources */ = {isa = PBXBuildFile; fileRef = OBJ_24 /* W3WOcrBox.swift */; };
		OBJ_112 /* W3WOcrScannerAddressLabel.swift in Sources */ = {isa = PBXBuildFile; fileRef = OBJ_25 /* W3WOcrScannerAddressLabel.swift */; };
		OBJ_113 /* W3WOcrView.swift in Sources */ = {isa = PBXBuildFile; fileRef = OBJ_26 /* W3WOcrView.swift */; };
		OBJ_114 /* W3WOcrViewController.swift in Sources */ = {isa = PBXBuildFile; fileRef = OBJ_27 /* W3WOcrViewController.swift */; };
		OBJ_115 /* W3WSettings.swift in Sources */ = {isa = PBXBuildFile; fileRef = OBJ_28 /* W3WSettings.swift */; };
		OBJ_124 /* Package.swift in Sources */ = {isa = PBXBuildFile; fileRef = OBJ_6 /* Package.swift */; };
		OBJ_135 /* XCTestManifests.swift in Sources */ = {isa = PBXBuildFile; fileRef = OBJ_31 /* XCTestManifests.swift */; };
		OBJ_136 /* w3w_swift_components_ocrTests.swift in Sources */ = {isa = PBXBuildFile; fileRef = OBJ_32 /* w3w_swift_components_ocrTests.swift */; };
		OBJ_138 /* W3WSwiftComponentsOcr.framework in Frameworks */ = {isa = PBXBuildFile; fileRef = "w3w-swift-components-ocr::W3WSwiftComponentsOcr::Product" /* W3WSwiftComponentsOcr.framework */; };
		OBJ_139 /* W3WSwiftApi.framework in Frameworks */ = {isa = PBXBuildFile; fileRef = "w3w-swift-wrapper::W3WSwiftApi::Product" /* W3WSwiftApi.framework */; };
/* End PBXBuildFile section */

/* Begin PBXContainerItemProxy section */
		01CB048A2795C35B007723AC /* PBXContainerItemProxy */ = {
			isa = PBXContainerItemProxy;
			containerPortal = OBJ_1 /* Project object */;
			proxyType = 1;
			remoteGlobalIDString = "w3w-swift-components-ocr::W3WSwiftComponentsOcr";
			remoteInfo = W3WSwiftComponentsOcr;
		};
		01CB048B2795C35B007723AC /* PBXContainerItemProxy */ = {
			isa = PBXContainerItemProxy;
			containerPortal = OBJ_1 /* Project object */;
			proxyType = 1;
			remoteGlobalIDString = "w3w-swift-wrapper::W3WSwiftApi";
			remoteInfo = W3WSwiftApi;
		};
		01CB049227972BA2007723AC /* PBXContainerItemProxy */ = {
			isa = PBXContainerItemProxy;
			containerPortal = OBJ_1 /* Project object */;
			proxyType = 1;
			remoteGlobalIDString = "w3w-swift-components-ocr::w3w-swift-components-ocrTests";
			remoteInfo = "w3w-swift-components-ocrTests";
		};
/* End PBXContainerItemProxy section */

/* Begin PBXFileReference section */
		01C84C5328B7AABD00333454 /* W3WOcrProtocol.swift */ = {isa = PBXFileReference; lastKnownFileType = sourcecode.swift; name = W3WOcrProtocol.swift; path = Ocr/W3WOcrProtocol.swift; sourceTree = "<group>"; };
		01C84C5428B7AABD00333454 /* W3WOcrSdkWrapper.swift */ = {isa = PBXFileReference; lastKnownFileType = sourcecode.swift; name = W3WOcrSdkWrapper.swift; path = Ocr/W3WOcrSdkWrapper.swift; sourceTree = "<group>"; };
		01C84C5528B7AABD00333454 /* W3WOcrDataTypes.swift */ = {isa = PBXFileReference; lastKnownFileType = sourcecode.swift; name = W3WOcrDataTypes.swift; path = Ocr/W3WOcrDataTypes.swift; sourceTree = "<group>"; };
		01C84C5628B7AABD00333454 /* W3WOcrHybrid.swift */ = {isa = PBXFileReference; lastKnownFileType = sourcecode.swift; name = W3WOcrHybrid.swift; path = Ocr/W3WOcrHybrid.swift; sourceTree = "<group>"; };
		01C84C5728B7AABD00333454 /* W3WVideoStream.swift */ = {isa = PBXFileReference; lastKnownFileType = sourcecode.swift; name = W3WVideoStream.swift; path = Ocr/W3WVideoStream.swift; sourceTree = "<group>"; };
		01C84C5828B7AABD00333454 /* W3WOcrNative.swift */ = {isa = PBXFileReference; lastKnownFileType = sourcecode.swift; name = W3WOcrNative.swift; path = Ocr/W3WOcrNative.swift; sourceTree = "<group>"; };
		01EF31B4291E6CFA002710D9 /* w3w.xcframework */ = {isa = PBXFileReference; lastKnownFileType = wrapper.xcframework; name = w3w.xcframework; path = Frameworks/w3w.xcframework; sourceTree = "<group>"; };
		01EF31B5291E6CFA002710D9 /* W3WOcrSdk.xcframework */ = {isa = PBXFileReference; lastKnownFileType = wrapper.xcframework; name = W3WOcrSdk.xcframework; path = Frameworks/W3WOcrSdk.xcframework; sourceTree = "<group>"; };
		768128122B465AC400331AEE /* W3WOcrViewController+closeButton.swift */ = {isa = PBXFileReference; fileEncoding = 4; lastKnownFileType = sourcecode.swift; path = "W3WOcrViewController+closeButton.swift"; sourceTree = "<group>"; };
		76A58E272B35A552003785F9 /* W3WOcrViewController+theme.swift */ = {isa = PBXFileReference; fileEncoding = 4; lastKnownFileType = sourcecode.swift; path = "W3WOcrViewController+theme.swift"; sourceTree = "<group>"; };
		76A58E3F2B35BD3C003785F9 /* FakeApi.swift */ = {isa = PBXFileReference; fileEncoding = 4; lastKnownFileType = sourcecode.swift; path = FakeApi.swift; sourceTree = "<group>"; };
		76EE86932B4553A5009CF29D /* de */ = {isa = PBXFileReference; lastKnownFileType = text.plist.strings; name = de; path = de.lproj/Localizable.strings; sourceTree = "<group>"; };
		76EE86942B4553A5009CF29D /* ur */ = {isa = PBXFileReference; lastKnownFileType = text.plist.strings; name = ur; path = ur.lproj/Localizable.strings; sourceTree = "<group>"; };
		76EE86952B4553A5009CF29D /* he */ = {isa = PBXFileReference; lastKnownFileType = text.plist.strings; name = he; path = he.lproj/Localizable.strings; sourceTree = "<group>"; };
		76EE86962B4553A5009CF29D /* ar */ = {isa = PBXFileReference; lastKnownFileType = text.plist.strings; name = ar; path = ar.lproj/Localizable.strings; sourceTree = "<group>"; };
		76EE86972B4553A5009CF29D /* el */ = {isa = PBXFileReference; lastKnownFileType = text.plist.strings; name = el; path = el.lproj/Localizable.strings; sourceTree = "<group>"; };
		76EE86982B4553A5009CF29D /* ja */ = {isa = PBXFileReference; lastKnownFileType = text.plist.strings; name = ja; path = ja.lproj/Localizable.strings; sourceTree = "<group>"; };
		76EE86992B4553A5009CF29D /* fa */ = {isa = PBXFileReference; lastKnownFileType = text.plist.strings; name = fa; path = fa.lproj/Localizable.strings; sourceTree = "<group>"; };
		76EE869A2B4553A5009CF29D /* zh-TW */ = {isa = PBXFileReference; lastKnownFileType = text.plist.strings; name = "zh-TW"; path = "zh-TW.lproj/Localizable.strings"; sourceTree = "<group>"; };
		76EE869B2B4553A5009CF29D /* mr */ = {isa = PBXFileReference; lastKnownFileType = text.plist.strings; name = mr; path = mr.lproj/Localizable.strings; sourceTree = "<group>"; };
		76EE869C2B4553A5009CF29D /* sr-Cyrl */ = {isa = PBXFileReference; lastKnownFileType = text.plist.strings; name = "sr-Cyrl"; path = "sr-Cyrl.lproj/Localizable.strings"; sourceTree = "<group>"; };
		76EE869D2B4553A5009CF29D /* en */ = {isa = PBXFileReference; lastKnownFileType = text.plist.strings; name = en; path = en.lproj/Localizable.strings; sourceTree = "<group>"; };
		76EE869E2B4553A5009CF29D /* en-CA */ = {isa = PBXFileReference; lastKnownFileType = text.plist.strings; name = "en-CA"; path = "en-CA.lproj/Localizable.strings"; sourceTree = "<group>"; };
		76EE869F2B4553A5009CF29D /* uk */ = {isa = PBXFileReference; lastKnownFileType = text.plist.strings; name = uk; path = uk.lproj/Localizable.strings; sourceTree = "<group>"; };
		76EE86A02B4553A5009CF29D /* zh-HK */ = {isa = PBXFileReference; lastKnownFileType = text.plist.strings; name = "zh-HK"; path = "zh-HK.lproj/Localizable.strings"; sourceTree = "<group>"; };
		76EE86A12B4553A5009CF29D /* gu */ = {isa = PBXFileReference; lastKnownFileType = text.plist.strings; name = gu; path = gu.lproj/Localizable.strings; sourceTree = "<group>"; };
		76EE86A22B4553A5009CF29D /* kn */ = {isa = PBXFileReference; lastKnownFileType = text.plist.strings; name = kn; path = kn.lproj/Localizable.strings; sourceTree = "<group>"; };
		76EE86A32B4553A5009CF29D /* pa */ = {isa = PBXFileReference; lastKnownFileType = text.plist.strings; name = pa; path = pa.lproj/Localizable.strings; sourceTree = "<group>"; };
		76EE86A42B4553A5009CF29D /* am */ = {isa = PBXFileReference; lastKnownFileType = text.plist.strings; name = am; path = am.lproj/Localizable.strings; sourceTree = "<group>"; };
		76EE86A52B4553A5009CF29D /* es */ = {isa = PBXFileReference; lastKnownFileType = text.plist.strings; name = es; path = es.lproj/Localizable.strings; sourceTree = "<group>"; };
		76EE86A62B4553A5009CF29D /* sw */ = {isa = PBXFileReference; lastKnownFileType = text.plist.strings; name = sw; path = sw.lproj/Localizable.strings; sourceTree = "<group>"; };
		76EE86A72B4553A5009CF29D /* sl */ = {isa = PBXFileReference; lastKnownFileType = text.plist.strings; name = sl; path = sl.lproj/Localizable.strings; sourceTree = "<group>"; };
		76EE86A82B4553A5009CF29D /* or */ = {isa = PBXFileReference; lastKnownFileType = text.plist.strings; name = or; path = or.lproj/Localizable.strings; sourceTree = "<group>"; };
		76EE86A92B4553A5009CF29D /* da */ = {isa = PBXFileReference; lastKnownFileType = text.plist.strings; name = da; path = da.lproj/Localizable.strings; sourceTree = "<group>"; };
		76EE86AA2B4553A5009CF29D /* et */ = {isa = PBXFileReference; lastKnownFileType = text.plist.strings; name = et; path = et.lproj/Localizable.strings; sourceTree = "<group>"; };
		76EE86AB2B4553A5009CF29D /* it */ = {isa = PBXFileReference; lastKnownFileType = text.plist.strings; name = it; path = it.lproj/Localizable.strings; sourceTree = "<group>"; };
		76EE86AC2B4553A5009CF29D /* bg */ = {isa = PBXFileReference; lastKnownFileType = text.plist.strings; name = bg; path = bg.lproj/Localizable.strings; sourceTree = "<group>"; };
		76EE86AD2B4553A5009CF29D /* sk */ = {isa = PBXFileReference; lastKnownFileType = text.plist.strings; name = sk; path = sk.lproj/Localizable.strings; sourceTree = "<group>"; };
		76EE86AE2B4553A5009CF29D /* kk */ = {isa = PBXFileReference; lastKnownFileType = text.plist.strings; name = kk; path = kk.lproj/Localizable.strings; sourceTree = "<group>"; };
		76EE86AF2B4553A5009CF29D /* sr-Latn-ME */ = {isa = PBXFileReference; lastKnownFileType = text.plist.strings; name = "sr-Latn-ME"; path = "sr-Latn-ME.lproj/Localizable.strings"; sourceTree = "<group>"; };
		76EE86B02B4553A5009CF29D /* fr-CA */ = {isa = PBXFileReference; lastKnownFileType = text.plist.strings; name = "fr-CA"; path = "fr-CA.lproj/Localizable.strings"; sourceTree = "<group>"; };
		76EE86B12B4553A5009CF29D /* ms */ = {isa = PBXFileReference; lastKnownFileType = text.plist.strings; name = ms; path = ms.lproj/Localizable.strings; sourceTree = "<group>"; };
		76EE86B22B4553A5009CF29D /* si */ = {isa = PBXFileReference; lastKnownFileType = text.plist.strings; name = si; path = si.lproj/Localizable.strings; sourceTree = "<group>"; };
		76EE86B32B4553A5009CF29D /* sr-Cyrl-ME */ = {isa = PBXFileReference; lastKnownFileType = text.plist.strings; name = "sr-Cyrl-ME"; path = "sr-Cyrl-ME.lproj/Localizable.strings"; sourceTree = "<group>"; };
		76EE86B42B4553A5009CF29D /* ta */ = {isa = PBXFileReference; lastKnownFileType = text.plist.strings; name = ta; path = ta.lproj/Localizable.strings; sourceTree = "<group>"; };
		76EE86B52B4553A5009CF29D /* ne */ = {isa = PBXFileReference; lastKnownFileType = text.plist.strings; name = ne; path = ne.lproj/Localizable.strings; sourceTree = "<group>"; };
		76EE86B62B4553A5009CF29D /* fr-FR */ = {isa = PBXFileReference; lastKnownFileType = text.plist.strings; name = "fr-FR"; path = "fr-FR.lproj/Localizable.strings"; sourceTree = "<group>"; };
		76EE86B72B4553A5009CF29D /* ml */ = {isa = PBXFileReference; lastKnownFileType = text.plist.strings; name = ml; path = ml.lproj/Localizable.strings; sourceTree = "<group>"; };
		76EE86B82B4553A5009CF29D /* sv */ = {isa = PBXFileReference; lastKnownFileType = text.plist.strings; name = sv; path = sv.lproj/Localizable.strings; sourceTree = "<group>"; };
		76EE86B92B4553A5009CF29D /* te */ = {isa = PBXFileReference; lastKnownFileType = text.plist.strings; name = te; path = te.lproj/Localizable.strings; sourceTree = "<group>"; };
		76EE86BA2B4553A5009CF29D /* cs */ = {isa = PBXFileReference; lastKnownFileType = text.plist.strings; name = cs; path = cs.lproj/Localizable.strings; sourceTree = "<group>"; };
		76EE86BB2B4553A5009CF29D /* bs-BA */ = {isa = PBXFileReference; lastKnownFileType = text.plist.strings; name = "bs-BA"; path = "bs-BA.lproj/Localizable.strings"; sourceTree = "<group>"; };
		76EE86BC2B4553A5009CF29D /* km */ = {isa = PBXFileReference; lastKnownFileType = text.plist.strings; name = km; path = km.lproj/Localizable.strings; sourceTree = "<group>"; };
		76EE86BD2B4553A5009CF29D /* ko */ = {isa = PBXFileReference; lastKnownFileType = text.plist.strings; name = ko; path = ko.lproj/Localizable.strings; sourceTree = "<group>"; };
		76EE86BE2B4553A5009CF29D /* Base */ = {isa = PBXFileReference; lastKnownFileType = text.plist.strings; name = Base; path = Base.lproj/Localizable.strings; sourceTree = "<group>"; };
		76EE86BF2B4553A5009CF29D /* mn */ = {isa = PBXFileReference; lastKnownFileType = text.plist.strings; name = mn; path = mn.lproj/Localizable.strings; sourceTree = "<group>"; };
		76EE86C02B4553A5009CF29D /* no */ = {isa = PBXFileReference; lastKnownFileType = text.plist.strings; name = no; path = no.lproj/Localizable.strings; sourceTree = "<group>"; };
		76EE86C12B4553A5009CF29D /* hu */ = {isa = PBXFileReference; lastKnownFileType = text.plist.strings; name = hu; path = hu.lproj/Localizable.strings; sourceTree = "<group>"; };
		76EE86C22B4553A5009CF29D /* tr */ = {isa = PBXFileReference; lastKnownFileType = text.plist.strings; name = tr; path = tr.lproj/Localizable.strings; sourceTree = "<group>"; };
		76EE86C32B4553A5009CF29D /* pl */ = {isa = PBXFileReference; lastKnownFileType = text.plist.strings; name = pl; path = pl.lproj/Localizable.strings; sourceTree = "<group>"; };
		76EE86C42B4553A5009CF29D /* pt-BR */ = {isa = PBXFileReference; lastKnownFileType = text.plist.strings; name = "pt-BR"; path = "pt-BR.lproj/Localizable.strings"; sourceTree = "<group>"; };
		76EE86C52B4553A5009CF29D /* vi */ = {isa = PBXFileReference; lastKnownFileType = text.plist.strings; name = vi; path = vi.lproj/Localizable.strings; sourceTree = "<group>"; };
		76EE86C62B4553A5009CF29D /* lo */ = {isa = PBXFileReference; lastKnownFileType = text.plist.strings; name = lo; path = lo.lproj/Localizable.strings; sourceTree = "<group>"; };
		76EE86C72B4553A5009CF29D /* ru */ = {isa = PBXFileReference; lastKnownFileType = text.plist.strings; name = ru; path = ru.lproj/Localizable.strings; sourceTree = "<group>"; };
		76EE86C82B4553A5009CF29D /* cy */ = {isa = PBXFileReference; lastKnownFileType = text.plist.strings; name = cy; path = cy.lproj/Localizable.strings; sourceTree = "<group>"; };
		76EE86C92B4553A5009CF29D /* zh-CN */ = {isa = PBXFileReference; lastKnownFileType = text.plist.strings; name = "zh-CN"; path = "zh-CN.lproj/Localizable.strings"; sourceTree = "<group>"; };
		76EE86CA2B4553A5009CF29D /* en-US */ = {isa = PBXFileReference; lastKnownFileType = text.plist.strings; name = "en-US"; path = "en-US.lproj/Localizable.strings"; sourceTree = "<group>"; };
		76EE86CB2B4553A5009CF29D /* af */ = {isa = PBXFileReference; lastKnownFileType = text.plist.strings; name = af; path = af.lproj/Localizable.strings; sourceTree = "<group>"; };
		76EE86CC2B4553A5009CF29D /* kk-Latn */ = {isa = PBXFileReference; lastKnownFileType = text.plist.strings; name = "kk-Latn"; path = "kk-Latn.lproj/Localizable.strings"; sourceTree = "<group>"; };
		76EE86CD2B4553A5009CF29D /* fi */ = {isa = PBXFileReference; lastKnownFileType = text.plist.strings; name = fi; path = fi.lproj/Localizable.strings; sourceTree = "<group>"; };
		76EE86CE2B4553A5009CF29D /* xh */ = {isa = PBXFileReference; lastKnownFileType = text.plist.strings; name = xh; path = xh.lproj/Localizable.strings; sourceTree = "<group>"; };
		76EE86CF2B4553A5009CF29D /* id */ = {isa = PBXFileReference; lastKnownFileType = text.plist.strings; name = id; path = id.lproj/Localizable.strings; sourceTree = "<group>"; };
		76EE86D02B4553A5009CF29D /* sr-Cyrl-BA */ = {isa = PBXFileReference; lastKnownFileType = text.plist.strings; name = "sr-Cyrl-BA"; path = "sr-Cyrl-BA.lproj/Localizable.strings"; sourceTree = "<group>"; };
		76EE86D12B4553A5009CF29D /* nl */ = {isa = PBXFileReference; lastKnownFileType = text.plist.strings; name = nl; path = nl.lproj/Localizable.strings; sourceTree = "<group>"; };
		76EE86D22B4553A5009CF29D /* th */ = {isa = PBXFileReference; lastKnownFileType = text.plist.strings; name = th; path = th.lproj/Localizable.strings; sourceTree = "<group>"; };
		76EE86D32B4553A5009CF29D /* bn */ = {isa = PBXFileReference; lastKnownFileType = text.plist.strings; name = bn; path = bn.lproj/Localizable.strings; sourceTree = "<group>"; };
		76EE86D42B4553A5009CF29D /* zu */ = {isa = PBXFileReference; lastKnownFileType = text.plist.strings; name = zu; path = zu.lproj/Localizable.strings; sourceTree = "<group>"; };
		76EE86D52B4553A5009CF29D /* pt-PT */ = {isa = PBXFileReference; lastKnownFileType = text.plist.strings; name = "pt-PT"; path = "pt-PT.lproj/Localizable.strings"; sourceTree = "<group>"; };
		76EE86D62B4553A5009CF29D /* ro */ = {isa = PBXFileReference; lastKnownFileType = text.plist.strings; name = ro; path = ro.lproj/Localizable.strings; sourceTree = "<group>"; };
		76EE86D72B4553A5009CF29D /* bs */ = {isa = PBXFileReference; lastKnownFileType = text.plist.strings; name = bs; path = bs.lproj/Localizable.strings; sourceTree = "<group>"; };
		76EE86D82B4553A5009CF29D /* hr */ = {isa = PBXFileReference; lastKnownFileType = text.plist.strings; name = hr; path = hr.lproj/Localizable.strings; sourceTree = "<group>"; };
		76EE86D92B4553A5009CF29D /* hi */ = {isa = PBXFileReference; lastKnownFileType = text.plist.strings; name = hi; path = hi.lproj/Localizable.strings; sourceTree = "<group>"; };
		76EE86DA2B4553A5009CF29D /* ca */ = {isa = PBXFileReference; lastKnownFileType = text.plist.strings; name = ca; path = ca.lproj/Localizable.strings; sourceTree = "<group>"; };
		76EE86DB2B4553A5009CF29D /* zh */ = {isa = PBXFileReference; lastKnownFileType = text.plist.strings; name = zh; path = zh.lproj/Localizable.strings; sourceTree = "<group>"; };
		76EE86DC2B4553A5009CF29D /* Assets.xcassets */ = {isa = PBXFileReference; lastKnownFileType = folder.assetcatalog; path = Assets.xcassets; sourceTree = "<group>"; };
		OBJ_10 /* W3WCameraImageProcessor.swift */ = {isa = PBXFileReference; lastKnownFileType = sourcecode.swift; path = W3WCameraImageProcessor.swift; sourceTree = "<group>"; };
		OBJ_11 /* W3WOcrCamera.swift */ = {isa = PBXFileReference; lastKnownFileType = sourcecode.swift; path = W3WOcrCamera.swift; sourceTree = "<group>"; };
		OBJ_13 /* W3WOcrBackgroundLayer.swift */ = {isa = PBXFileReference; lastKnownFileType = sourcecode.swift; path = W3WOcrBackgroundLayer.swift; sourceTree = "<group>"; };
		OBJ_14 /* W3WOcrViewfinderLayer.swift */ = {isa = PBXFileReference; lastKnownFileType = sourcecode.swift; path = W3WOcrViewfinderLayer.swift; sourceTree = "<group>"; };
		OBJ_16 /* W3WOcrBoxManager.swift */ = {isa = PBXFileReference; lastKnownFileType = sourcecode.swift; path = W3WOcrBoxManager.swift; sourceTree = "<group>"; };
		OBJ_17 /* W3WOcrCoordinateMaths.swift */ = {isa = PBXFileReference; lastKnownFileType = sourcecode.swift; path = W3WOcrCoordinateMaths.swift; sourceTree = "<group>"; };
		OBJ_18 /* W3WOcrFakeImage.swift */ = {isa = PBXFileReference; lastKnownFileType = sourcecode.swift; path = W3WOcrFakeImage.swift; sourceTree = "<group>"; };
		OBJ_19 /* W3WOcrInteruptionObserver.swift */ = {isa = PBXFileReference; lastKnownFileType = sourcecode.swift; path = W3WOcrInteruptionObserver.swift; sourceTree = "<group>"; };
		OBJ_20 /* W3WOcrOrientationObserver.swift */ = {isa = PBXFileReference; lastKnownFileType = sourcecode.swift; path = W3WOcrOrientationObserver.swift; sourceTree = "<group>"; };
		OBJ_21 /* W3WOcrThread.swift */ = {isa = PBXFileReference; lastKnownFileType = sourcecode.swift; path = W3WOcrThread.swift; sourceTree = "<group>"; };
		OBJ_23 /* W3WOcrBasicView.swift */ = {isa = PBXFileReference; lastKnownFileType = sourcecode.swift; path = W3WOcrBasicView.swift; sourceTree = "<group>"; };
		OBJ_24 /* W3WOcrBox.swift */ = {isa = PBXFileReference; lastKnownFileType = sourcecode.swift; path = W3WOcrBox.swift; sourceTree = "<group>"; };
		OBJ_25 /* W3WOcrScannerAddressLabel.swift */ = {isa = PBXFileReference; lastKnownFileType = sourcecode.swift; path = W3WOcrScannerAddressLabel.swift; sourceTree = "<group>"; };
		OBJ_26 /* W3WOcrView.swift */ = {isa = PBXFileReference; lastKnownFileType = sourcecode.swift; path = W3WOcrView.swift; sourceTree = "<group>"; };
		OBJ_27 /* W3WOcrViewController.swift */ = {isa = PBXFileReference; lastKnownFileType = sourcecode.swift; path = W3WOcrViewController.swift; sourceTree = "<group>"; };
		OBJ_28 /* W3WSettings.swift */ = {isa = PBXFileReference; lastKnownFileType = sourcecode.swift; path = W3WSettings.swift; sourceTree = "<group>"; };
		OBJ_31 /* XCTestManifests.swift */ = {isa = PBXFileReference; lastKnownFileType = sourcecode.swift; path = XCTestManifests.swift; sourceTree = "<group>"; };
		OBJ_32 /* w3w_swift_components_ocrTests.swift */ = {isa = PBXFileReference; lastKnownFileType = sourcecode.swift; path = w3w_swift_components_ocrTests.swift; sourceTree = "<group>"; };
		OBJ_6 /* Package.swift */ = {isa = PBXFileReference; explicitFileType = sourcecode.swift; path = Package.swift; sourceTree = "<group>"; };
		OBJ_68 /* Documentation */ = {isa = PBXFileReference; lastKnownFileType = folder; path = Documentation; sourceTree = SOURCE_ROOT; };
		OBJ_69 /* README.md */ = {isa = PBXFileReference; lastKnownFileType = net.daringfireball.markdown; path = README.md; sourceTree = "<group>"; };
		"w3w-swift-components-ocr::W3WSwiftComponentsOcr::Product" /* W3WSwiftComponentsOcr.framework */ = {isa = PBXFileReference; explicitFileType = wrapper.framework; path = W3WSwiftComponentsOcr.framework; sourceTree = BUILT_PRODUCTS_DIR; };
		"w3w-swift-components-ocr::w3w-swift-components-ocrTests::Product" /* w3w-swift-components-ocrTests.xctest */ = {isa = PBXFileReference; explicitFileType = wrapper.cfbundle; path = "w3w-swift-components-ocrTests.xctest"; sourceTree = BUILT_PRODUCTS_DIR; };
		"w3w-swift-wrapper::W3WSwiftApi::Product" /* W3WSwiftApi.framework */ = {isa = PBXFileReference; lastKnownFileType = wrapper.framework; path = W3WSwiftApi.framework; sourceTree = BUILT_PRODUCTS_DIR; };
/* End PBXFileReference section */

/* Begin PBXFrameworksBuildPhase section */
		OBJ_116 /* Frameworks */ = {
			isa = PBXFrameworksBuildPhase;
			buildActionMask = 0;
			files = (
				76A58E242B35A3E3003785F9 /* W3WSwiftDesign in Frameworks */,
				01EF31B7291E6CFB002710D9 /* w3w.xcframework in Frameworks */,
				01EF31B9291E6CFB002710D9 /* W3WOcrSdk.xcframework in Frameworks */,
			);
			runOnlyForDeploymentPostprocessing = 0;
		};
		OBJ_137 /* Frameworks */ = {
			isa = PBXFrameworksBuildPhase;
			buildActionMask = 0;
			files = (
				76A58E262B35A3EF003785F9 /* W3WSwiftDesign in Frameworks */,
				OBJ_138 /* W3WSwiftComponentsOcr.framework in Frameworks */,
				OBJ_139 /* W3WSwiftApi.framework in Frameworks */,
			);
			runOnlyForDeploymentPostprocessing = 0;
		};
		OBJ_94 /* Frameworks */ = {
			isa = PBXFrameworksBuildPhase;
			buildActionMask = 0;
			files = (
			);
			runOnlyForDeploymentPostprocessing = 0;
		};
/* End PBXFrameworksBuildPhase section */

/* Begin PBXGroup section */
		01C84C5F28B7AACB00333454 /* Ocr */ = {
			isa = PBXGroup;
			children = (
				01C84C5528B7AABD00333454 /* W3WOcrDataTypes.swift */,
				01C84C5628B7AABD00333454 /* W3WOcrHybrid.swift */,
				01C84C5828B7AABD00333454 /* W3WOcrNative.swift */,
				01C84C5328B7AABD00333454 /* W3WOcrProtocol.swift */,
				01C84C5428B7AABD00333454 /* W3WOcrSdkWrapper.swift */,
				01C84C5728B7AABD00333454 /* W3WVideoStream.swift */,
			);
			name = Ocr;
			sourceTree = "<group>";
		};
		01CB048D27972B9E007723AC /* Frameworks */ = {
			isa = PBXGroup;
			children = (
				01EF31B4291E6CFA002710D9 /* w3w.xcframework */,
				01EF31B5291E6CFA002710D9 /* W3WOcrSdk.xcframework */,
			);
			name = Frameworks;
			sourceTree = "<group>";
		};
		76EE86902B4553A5009CF29D /* Resources */ = {
			isa = PBXGroup;
			children = (
				76EE86912B4553A5009CF29D /* Strings */,
				76EE86DC2B4553A5009CF29D /* Assets.xcassets */,
			);
			path = Resources;
			sourceTree = "<group>";
		};
		76EE86912B4553A5009CF29D /* Strings */ = {
			isa = PBXGroup;
			children = (
				76EE86922B4553A5009CF29D /* Localizable.strings */,
			);
			path = Strings;
			sourceTree = "<group>";
		};
		OBJ_12 /* Layers */ = {
			isa = PBXGroup;
			children = (
				OBJ_13 /* W3WOcrBackgroundLayer.swift */,
				OBJ_14 /* W3WOcrViewfinderLayer.swift */,
			);
			path = Layers;
			sourceTree = "<group>";
		};
		OBJ_15 /* Util */ = {
			isa = PBXGroup;
			children = (
				OBJ_16 /* W3WOcrBoxManager.swift */,
				OBJ_17 /* W3WOcrCoordinateMaths.swift */,
				OBJ_18 /* W3WOcrFakeImage.swift */,
				OBJ_19 /* W3WOcrInteruptionObserver.swift */,
				OBJ_20 /* W3WOcrOrientationObserver.swift */,
				OBJ_21 /* W3WOcrThread.swift */,
			);
			path = Util;
			sourceTree = "<group>";
		};
		OBJ_22 /* Views */ = {
			isa = PBXGroup;
			children = (
				OBJ_23 /* W3WOcrBasicView.swift */,
				OBJ_24 /* W3WOcrBox.swift */,
				OBJ_25 /* W3WOcrScannerAddressLabel.swift */,
				OBJ_26 /* W3WOcrView.swift */,
			);
			path = Views;
			sourceTree = "<group>";
		};
		OBJ_29 /* Tests */ = {
			isa = PBXGroup;
			children = (
				OBJ_30 /* w3w-swift-components-ocrTests */,
			);
			name = Tests;
			sourceTree = SOURCE_ROOT;
		};
		OBJ_30 /* w3w-swift-components-ocrTests */ = {
			isa = PBXGroup;
			children = (
				76A58E3F2B35BD3C003785F9 /* FakeApi.swift */,
				OBJ_31 /* XCTestManifests.swift */,
				OBJ_32 /* w3w_swift_components_ocrTests.swift */,
			);
			name = "w3w-swift-components-ocrTests";
			path = "Tests/w3w-swift-components-ocrTests";
			sourceTree = SOURCE_ROOT;
		};
		OBJ_33 /* Dependencies */ = {
			isa = PBXGroup;
			children = (
			);
			name = Dependencies;
			sourceTree = "<group>";
		};
		OBJ_5 = {
			isa = PBXGroup;
			children = (
				OBJ_6 /* Package.swift */,
				OBJ_7 /* Sources */,
				OBJ_29 /* Tests */,
				OBJ_33 /* Dependencies */,
				OBJ_64 /* Products */,
				OBJ_68 /* Documentation */,
				OBJ_69 /* README.md */,
				01CB048D27972B9E007723AC /* Frameworks */,
			);
			sourceTree = "<group>";
		};
		OBJ_64 /* Products */ = {
			isa = PBXGroup;
			children = (
				"w3w-swift-wrapper::W3WSwiftApi::Product" /* W3WSwiftApi.framework */,
				"w3w-swift-components-ocr::W3WSwiftComponentsOcr::Product" /* W3WSwiftComponentsOcr.framework */,
				"w3w-swift-components-ocr::w3w-swift-components-ocrTests::Product" /* w3w-swift-components-ocrTests.xctest */,
			);
			name = Products;
			sourceTree = BUILT_PRODUCTS_DIR;
		};
		OBJ_7 /* Sources */ = {
			isa = PBXGroup;
			children = (
				OBJ_8 /* W3WSwiftComponentsOcr */,
			);
			name = Sources;
			sourceTree = SOURCE_ROOT;
		};
		OBJ_8 /* W3WSwiftComponentsOcr */ = {
			isa = PBXGroup;
			children = (
				OBJ_9 /* Camera */,
				OBJ_12 /* Layers */,
				01C84C5F28B7AACB00333454 /* Ocr */,
				OBJ_15 /* Util */,
				OBJ_22 /* Views */,
				OBJ_27 /* W3WOcrViewController.swift */,
				76A58E272B35A552003785F9 /* W3WOcrViewController+theme.swift */,
				768128122B465AC400331AEE /* W3WOcrViewController+closeButton.swift */,
				OBJ_28 /* W3WSettings.swift */,
				76EE86902B4553A5009CF29D /* Resources */,
			);
			name = W3WSwiftComponentsOcr;
			path = Sources/W3WSwiftComponentsOcr;
			sourceTree = SOURCE_ROOT;
		};
		OBJ_9 /* Camera */ = {
			isa = PBXGroup;
			children = (
				OBJ_10 /* W3WCameraImageProcessor.swift */,
				OBJ_11 /* W3WOcrCamera.swift */,
			);
			path = Camera;
			sourceTree = "<group>";
		};
/* End PBXGroup section */

/* Begin PBXNativeTarget section */
		"w3w-swift-components-ocr::SwiftPMPackageDescription" /* w3w-swift-components-ocrPackageDescription */ = {
			isa = PBXNativeTarget;
			buildConfigurationList = OBJ_120 /* Build configuration list for PBXNativeTarget "w3w-swift-components-ocrPackageDescription" */;
			buildPhases = (
				OBJ_123 /* Sources */,
			);
			buildRules = (
			);
			dependencies = (
			);
			name = "w3w-swift-components-ocrPackageDescription";
			productName = "w3w-swift-components-ocrPackageDescription";
			productType = "com.apple.product-type.framework";
		};
		"w3w-swift-components-ocr::W3WSwiftComponentsOcr" /* W3WSwiftComponentsOcr */ = {
			isa = PBXNativeTarget;
			buildConfigurationList = OBJ_96 /* Build configuration list for PBXNativeTarget "W3WSwiftComponentsOcr" */;
			buildPhases = (
				OBJ_99 /* Sources */,
				OBJ_116 /* Frameworks */,
			);
			buildRules = (
			);
			dependencies = (
			);
			name = W3WSwiftComponentsOcr;
			packageProductDependencies = (
				76A58E232B35A3E3003785F9 /* W3WSwiftDesign */,
			);
			productName = W3WSwiftComponentsOcr;
			productReference = "w3w-swift-components-ocr::W3WSwiftComponentsOcr::Product" /* W3WSwiftComponentsOcr.framework */;
			productType = "com.apple.product-type.framework";
		};
		"w3w-swift-components-ocr::w3w-swift-components-ocrTests" /* w3w-swift-components-ocrTests */ = {
			isa = PBXNativeTarget;
			buildConfigurationList = OBJ_131 /* Build configuration list for PBXNativeTarget "w3w-swift-components-ocrTests" */;
			buildPhases = (
				OBJ_134 /* Sources */,
				OBJ_137 /* Frameworks */,
			);
			buildRules = (
			);
			dependencies = (
				OBJ_140 /* PBXTargetDependency */,
				OBJ_141 /* PBXTargetDependency */,
			);
			name = "w3w-swift-components-ocrTests";
			packageProductDependencies = (
				76A58E252B35A3EF003785F9 /* W3WSwiftDesign */,
			);
			productName = w3w_swift_components_ocrTests;
			productReference = "w3w-swift-components-ocr::w3w-swift-components-ocrTests::Product" /* w3w-swift-components-ocrTests.xctest */;
			productType = "com.apple.product-type.bundle.unit-test";
		};
		"w3w-swift-wrapper::SwiftPMPackageDescription" /* w3w-swift-wrapperPackageDescription */ = {
			isa = PBXNativeTarget;
			buildConfigurationList = OBJ_143 /* Build configuration list for PBXNativeTarget "w3w-swift-wrapperPackageDescription" */;
			buildPhases = (
				OBJ_146 /* Sources */,
			);
			buildRules = (
			);
			dependencies = (
			);
			name = "w3w-swift-wrapperPackageDescription";
			productName = "w3w-swift-wrapperPackageDescription";
			productType = "com.apple.product-type.framework";
		};
		"w3w-swift-wrapper::W3WSwiftApi" /* W3WSwiftApi */ = {
			isa = PBXNativeTarget;
			buildConfigurationList = OBJ_71 /* Build configuration list for PBXNativeTarget "W3WSwiftApi" */;
			buildPhases = (
				OBJ_74 /* Sources */,
				OBJ_94 /* Frameworks */,
			);
			buildRules = (
			);
			dependencies = (
			);
			name = W3WSwiftApi;
			productName = W3WSwiftApi;
			productReference = "w3w-swift-wrapper::W3WSwiftApi::Product" /* W3WSwiftApi.framework */;
			productType = "com.apple.product-type.framework";
		};
/* End PBXNativeTarget section */

/* Begin PBXProject section */
		OBJ_1 /* Project object */ = {
			isa = PBXProject;
			attributes = {
				LastSwiftMigration = 9999;
				LastUpgradeCheck = 9999;
			};
			buildConfigurationList = OBJ_2 /* Build configuration list for PBXProject "w3w-swift-components-ocr" */;
			compatibilityVersion = "Xcode 3.2";
			developmentRegion = en;
			hasScannedForEncodings = 0;
			knownRegions = (
				en,
				de,
				ur,
				he,
				ar,
				el,
				ja,
				fa,
				"zh-TW",
				mr,
				"sr-Cyrl",
				sr,
				"en-CA",
				uk,
				"zh-HK",
				gu,
				kn,
				pa,
				am,
				es,
				sw,
				sl,
				or,
				da,
				et,
				it,
				bg,
				sk,
				kk,
				"sr-Latn-ME",
				"fr-CA",
				ms,
				si,
				"sr-Cyrl-ME",
				"sr-ME",
				ta,
				ne,
				"fr-FR",
				ml,
				sv,
				te,
				cs,
				"bs-BA",
				km,
				ko,
				Base,
				mn,
				no,
				nb,
				hu,
				"kk-Cyrl",
				tr,
				pl,
				"pt-BR",
				vi,
				lo,
				ru,
				cy,
				"zh-CN",
				"en-US",
				af,
				"kk-Latn",
				fi,
				xh,
				id,
				"sr-Cyrl-BA",
				"sr-BA",
				nl,
				th,
				bn,
				zu,
				"pt-PT",
				ro,
				bs,
				hr,
				hi,
				ca,
				zh,
			);
			mainGroup = OBJ_5;
			packageReferences = (
				76A58E202B35A269003785F9 /* XCRemoteSwiftPackageReference "w3w-swift-design" */,
			);
			productRefGroup = OBJ_64 /* Products */;
			projectDirPath = "";
			projectRoot = "";
			targets = (
				"w3w-swift-wrapper::W3WSwiftApi" /* W3WSwiftApi */,
				"w3w-swift-components-ocr::W3WSwiftComponentsOcr" /* W3WSwiftComponentsOcr */,
				"w3w-swift-components-ocr::SwiftPMPackageDescription" /* w3w-swift-components-ocrPackageDescription */,
				"w3w-swift-components-ocr::w3w-swift-components-ocrPackageTests::ProductTarget" /* w3w-swift-components-ocrPackageTests */,
				"w3w-swift-components-ocr::w3w-swift-components-ocrTests" /* w3w-swift-components-ocrTests */,
				"w3w-swift-wrapper::SwiftPMPackageDescription" /* w3w-swift-wrapperPackageDescription */,
			);
		};
/* End PBXProject section */

/* Begin PBXSourcesBuildPhase section */
		OBJ_123 /* Sources */ = {
			isa = PBXSourcesBuildPhase;
			buildActionMask = 0;
			files = (
				OBJ_124 /* Package.swift in Sources */,
			);
			runOnlyForDeploymentPostprocessing = 0;
		};
		OBJ_134 /* Sources */ = {
			isa = PBXSourcesBuildPhase;
			buildActionMask = 0;
			files = (
				OBJ_135 /* XCTestManifests.swift in Sources */,
				76A58E402B35BD3C003785F9 /* FakeApi.swift in Sources */,
				OBJ_136 /* w3w_swift_components_ocrTests.swift in Sources */,
			);
			runOnlyForDeploymentPostprocessing = 0;
		};
		OBJ_146 /* Sources */ = {
			isa = PBXSourcesBuildPhase;
			buildActionMask = 0;
			files = (
			);
			runOnlyForDeploymentPostprocessing = 0;
		};
		OBJ_74 /* Sources */ = {
			isa = PBXSourcesBuildPhase;
			buildActionMask = 0;
			files = (
			);
			runOnlyForDeploymentPostprocessing = 0;
		};
		OBJ_99 /* Sources */ = {
			isa = PBXSourcesBuildPhase;
			buildActionMask = 0;
			files = (
				OBJ_100 /* W3WCameraImageProcessor.swift in Sources */,
				OBJ_101 /* W3WOcrCamera.swift in Sources */,
				OBJ_102 /* W3WOcrBackgroundLayer.swift in Sources */,
				OBJ_103 /* W3WOcrViewfinderLayer.swift in Sources */,
				01C84C5928B7AABD00333454 /* W3WOcrProtocol.swift in Sources */,
				01C84C5A28B7AABD00333454 /* W3WOcrSdkWrapper.swift in Sources */,
				01C84C5B28B7AABD00333454 /* W3WOcrDataTypes.swift in Sources */,
				01C84C5C28B7AABD00333454 /* W3WOcrHybrid.swift in Sources */,
				01C84C5D28B7AABD00333454 /* W3WVideoStream.swift in Sources */,
				01C84C5E28B7AABD00333454 /* W3WOcrNative.swift in Sources */,
				OBJ_104 /* W3WOcrBoxManager.swift in Sources */,
				OBJ_105 /* W3WOcrCoordinateMaths.swift in Sources */,
				OBJ_106 /* W3WOcrFakeImage.swift in Sources */,
				OBJ_107 /* W3WOcrInteruptionObserver.swift in Sources */,
				OBJ_108 /* W3WOcrOrientationObserver.swift in Sources */,
				76A58E282B35A552003785F9 /* W3WOcrViewController+theme.swift in Sources */,
				OBJ_109 /* W3WOcrThread.swift in Sources */,
				OBJ_110 /* W3WOcrBasicView.swift in Sources */,
				768128132B465AC400331AEE /* W3WOcrViewController+closeButton.swift in Sources */,
				OBJ_111 /* W3WOcrBox.swift in Sources */,
				OBJ_112 /* W3WOcrScannerAddressLabel.swift in Sources */,
				OBJ_113 /* W3WOcrView.swift in Sources */,
				OBJ_114 /* W3WOcrViewController.swift in Sources */,
				OBJ_115 /* W3WSettings.swift in Sources */,
			);
			runOnlyForDeploymentPostprocessing = 0;
		};
/* End PBXSourcesBuildPhase section */

/* Begin PBXTargetDependency section */
		OBJ_129 /* PBXTargetDependency */ = {
			isa = PBXTargetDependency;
			target = "w3w-swift-components-ocr::w3w-swift-components-ocrTests" /* w3w-swift-components-ocrTests */;
			targetProxy = 01CB049227972BA2007723AC /* PBXContainerItemProxy */;
		};
		OBJ_140 /* PBXTargetDependency */ = {
			isa = PBXTargetDependency;
			target = "w3w-swift-components-ocr::W3WSwiftComponentsOcr" /* W3WSwiftComponentsOcr */;
			targetProxy = 01CB048A2795C35B007723AC /* PBXContainerItemProxy */;
		};
		OBJ_141 /* PBXTargetDependency */ = {
			isa = PBXTargetDependency;
			target = "w3w-swift-wrapper::W3WSwiftApi" /* W3WSwiftApi */;
			targetProxy = 01CB048B2795C35B007723AC /* PBXContainerItemProxy */;
		};
/* End PBXTargetDependency section */

/* Begin PBXVariantGroup section */
		76EE86922B4553A5009CF29D /* Localizable.strings */ = {
			isa = PBXVariantGroup;
			children = (
				76EE86932B4553A5009CF29D /* de */,
				76EE86942B4553A5009CF29D /* ur */,
				76EE86952B4553A5009CF29D /* he */,
				76EE86962B4553A5009CF29D /* ar */,
				76EE86972B4553A5009CF29D /* el */,
				76EE86982B4553A5009CF29D /* ja */,
				76EE86992B4553A5009CF29D /* fa */,
				76EE869A2B4553A5009CF29D /* zh-TW */,
				76EE869B2B4553A5009CF29D /* mr */,
				76EE869C2B4553A5009CF29D /* sr-Cyrl */,
				76EE869D2B4553A5009CF29D /* en */,
				76EE869E2B4553A5009CF29D /* en-CA */,
				76EE869F2B4553A5009CF29D /* uk */,
				76EE86A02B4553A5009CF29D /* zh-HK */,
				76EE86A12B4553A5009CF29D /* gu */,
				76EE86A22B4553A5009CF29D /* kn */,
				76EE86A32B4553A5009CF29D /* pa */,
				76EE86A42B4553A5009CF29D /* am */,
				76EE86A52B4553A5009CF29D /* es */,
				76EE86A62B4553A5009CF29D /* sw */,
				76EE86A72B4553A5009CF29D /* sl */,
				76EE86A82B4553A5009CF29D /* or */,
				76EE86A92B4553A5009CF29D /* da */,
				76EE86AA2B4553A5009CF29D /* et */,
				76EE86AB2B4553A5009CF29D /* it */,
				76EE86AC2B4553A5009CF29D /* bg */,
				76EE86AD2B4553A5009CF29D /* sk */,
				76EE86AE2B4553A5009CF29D /* kk */,
				76EE86AF2B4553A5009CF29D /* sr-Latn-ME */,
				76EE86B02B4553A5009CF29D /* fr-CA */,
				76EE86B12B4553A5009CF29D /* ms */,
				76EE86B22B4553A5009CF29D /* si */,
				76EE86B32B4553A5009CF29D /* sr-Cyrl-ME */,
				76EE86B42B4553A5009CF29D /* ta */,
				76EE86B52B4553A5009CF29D /* ne */,
				76EE86B62B4553A5009CF29D /* fr-FR */,
				76EE86B72B4553A5009CF29D /* ml */,
				76EE86B82B4553A5009CF29D /* sv */,
				76EE86B92B4553A5009CF29D /* te */,
				76EE86BA2B4553A5009CF29D /* cs */,
				76EE86BB2B4553A5009CF29D /* bs-BA */,
				76EE86BC2B4553A5009CF29D /* km */,
				76EE86BD2B4553A5009CF29D /* ko */,
				76EE86BE2B4553A5009CF29D /* Base */,
				76EE86BF2B4553A5009CF29D /* mn */,
				76EE86C02B4553A5009CF29D /* no */,
				76EE86C12B4553A5009CF29D /* hu */,
				76EE86C22B4553A5009CF29D /* tr */,
				76EE86C32B4553A5009CF29D /* pl */,
				76EE86C42B4553A5009CF29D /* pt-BR */,
				76EE86C52B4553A5009CF29D /* vi */,
				76EE86C62B4553A5009CF29D /* lo */,
				76EE86C72B4553A5009CF29D /* ru */,
				76EE86C82B4553A5009CF29D /* cy */,
				76EE86C92B4553A5009CF29D /* zh-CN */,
				76EE86CA2B4553A5009CF29D /* en-US */,
				76EE86CB2B4553A5009CF29D /* af */,
				76EE86CC2B4553A5009CF29D /* kk-Latn */,
				76EE86CD2B4553A5009CF29D /* fi */,
				76EE86CE2B4553A5009CF29D /* xh */,
				76EE86CF2B4553A5009CF29D /* id */,
				76EE86D02B4553A5009CF29D /* sr-Cyrl-BA */,
				76EE86D12B4553A5009CF29D /* nl */,
				76EE86D22B4553A5009CF29D /* th */,
				76EE86D32B4553A5009CF29D /* bn */,
				76EE86D42B4553A5009CF29D /* zu */,
				76EE86D52B4553A5009CF29D /* pt-PT */,
				76EE86D62B4553A5009CF29D /* ro */,
				76EE86D72B4553A5009CF29D /* bs */,
				76EE86D82B4553A5009CF29D /* hr */,
				76EE86D92B4553A5009CF29D /* hi */,
				76EE86DA2B4553A5009CF29D /* ca */,
				76EE86DB2B4553A5009CF29D /* zh */,
			);
			name = Localizable.strings;
			sourceTree = "<group>";
		};
/* End PBXVariantGroup section */

/* Begin XCBuildConfiguration section */
		OBJ_121 /* Debug */ = {
			isa = XCBuildConfiguration;
			buildSettings = {
				FRAMEWORK_SEARCH_PATHS = "$(SRCROOT)/**";
				LD = /usr/bin/true;
				OTHER_SWIFT_FLAGS = "-swift-version 5 -I $(TOOLCHAIN_DIR)/usr/lib/swift/pm/ManifestAPI -sdk /Applications/Xcode.app/Contents/Developer/Platforms/MacOSX.platform/Developer/SDKs/MacOSX11.3.sdk -package-description-version 5.3.0";
				SWIFT_VERSION = 5.0;
			};
			name = Debug;
		};
		OBJ_122 /* Release */ = {
			isa = XCBuildConfiguration;
			buildSettings = {
				FRAMEWORK_SEARCH_PATHS = "$(SRCROOT)/**";
				LD = /usr/bin/true;
				OTHER_SWIFT_FLAGS = "-swift-version 5 -I $(TOOLCHAIN_DIR)/usr/lib/swift/pm/ManifestAPI -sdk /Applications/Xcode.app/Contents/Developer/Platforms/MacOSX.platform/Developer/SDKs/MacOSX11.3.sdk -package-description-version 5.3.0";
				SWIFT_VERSION = 5.0;
			};
			name = Release;
		};
		OBJ_127 /* Debug */ = {
			isa = XCBuildConfiguration;
			buildSettings = {
			};
			name = Debug;
		};
		OBJ_128 /* Release */ = {
			isa = XCBuildConfiguration;
			buildSettings = {
			};
			name = Release;
		};
		OBJ_132 /* Debug */ = {
			isa = XCBuildConfiguration;
			buildSettings = {
				CLANG_ENABLE_MODULES = YES;
				CURRENT_PROJECT_VERSION = 1;
				DRIVERKIT_DEPLOYMENT_TARGET = 19.0;
				EMBEDDED_CONTENT_CONTAINS_SWIFT = YES;
				FRAMEWORK_SEARCH_PATHS = (
					"$(inherited)",
					"$(PLATFORM_DIR)/Developer/Library/Frameworks",
				);
				HEADER_SEARCH_PATHS = "$(inherited)";
				INFOPLIST_FILE = "w3w-swift-components-ocr.xcodeproj/w3w_swift_components_ocrTests_Info.plist";
				IPHONEOS_DEPLOYMENT_TARGET = 14.0;
				LD_RUNPATH_SEARCH_PATHS = (
					"$(inherited)",
					"@loader_path/../Frameworks",
					"@loader_path/Frameworks",
				);
				MACOSX_DEPLOYMENT_TARGET = 11.0;
				OTHER_CFLAGS = "$(inherited)";
				OTHER_LDFLAGS = "$(inherited)";
				OTHER_SWIFT_FLAGS = "$(inherited)";
				SWIFT_ACTIVE_COMPILATION_CONDITIONS = "$(inherited)";
				SWIFT_VERSION = 5.0;
				TARGET_NAME = "w3w-swift-components-ocrTests";
				TVOS_DEPLOYMENT_TARGET = 14.0;
				WATCHOS_DEPLOYMENT_TARGET = 7.0;
			};
			name = Debug;
		};
		OBJ_133 /* Release */ = {
			isa = XCBuildConfiguration;
			buildSettings = {
				CLANG_ENABLE_MODULES = YES;
				CURRENT_PROJECT_VERSION = 1;
				DRIVERKIT_DEPLOYMENT_TARGET = 19.0;
				EMBEDDED_CONTENT_CONTAINS_SWIFT = YES;
				FRAMEWORK_SEARCH_PATHS = (
					"$(inherited)",
					"$(PLATFORM_DIR)/Developer/Library/Frameworks",
				);
				HEADER_SEARCH_PATHS = "$(inherited)";
				INFOPLIST_FILE = "w3w-swift-components-ocr.xcodeproj/w3w_swift_components_ocrTests_Info.plist";
				IPHONEOS_DEPLOYMENT_TARGET = 14.0;
				LD_RUNPATH_SEARCH_PATHS = (
					"$(inherited)",
					"@loader_path/../Frameworks",
					"@loader_path/Frameworks",
				);
				MACOSX_DEPLOYMENT_TARGET = 11.0;
				OTHER_CFLAGS = "$(inherited)";
				OTHER_LDFLAGS = "$(inherited)";
				OTHER_SWIFT_FLAGS = "$(inherited)";
				SWIFT_ACTIVE_COMPILATION_CONDITIONS = "$(inherited)";
				SWIFT_VERSION = 5.0;
				TARGET_NAME = "w3w-swift-components-ocrTests";
				TVOS_DEPLOYMENT_TARGET = 14.0;
				WATCHOS_DEPLOYMENT_TARGET = 7.0;
			};
			name = Release;
		};
		OBJ_144 /* Debug */ = {
			isa = XCBuildConfiguration;
			buildSettings = {
				LD = /usr/bin/true;
				OTHER_SWIFT_FLAGS = "-swift-version 5 -I $(TOOLCHAIN_DIR)/usr/lib/swift/pm/ManifestAPI -sdk /Applications/Xcode.app/Contents/Developer/Platforms/MacOSX.platform/Developer/SDKs/MacOSX11.3.sdk -package-description-version 5.3.0";
				SWIFT_VERSION = 5.0;
			};
			name = Debug;
		};
		OBJ_145 /* Release */ = {
			isa = XCBuildConfiguration;
			buildSettings = {
				LD = /usr/bin/true;
				OTHER_SWIFT_FLAGS = "-swift-version 5 -I $(TOOLCHAIN_DIR)/usr/lib/swift/pm/ManifestAPI -sdk /Applications/Xcode.app/Contents/Developer/Platforms/MacOSX.platform/Developer/SDKs/MacOSX11.3.sdk -package-description-version 5.3.0";
				SWIFT_VERSION = 5.0;
			};
			name = Release;
		};
		OBJ_3 /* Debug */ = {
			isa = XCBuildConfiguration;
			buildSettings = {
				CLANG_ENABLE_OBJC_ARC = YES;
				COMBINE_HIDPI_IMAGES = YES;
				COPY_PHASE_STRIP = NO;
				DEBUG_INFORMATION_FORMAT = dwarf;
				DYLIB_INSTALL_NAME_BASE = "@rpath";
				ENABLE_NS_ASSERTIONS = YES;
				FRAMEWORK_SEARCH_PATHS = "$(SRCROOT)/Carthage/Build";
				GCC_OPTIMIZATION_LEVEL = 0;
				GCC_PREPROCESSOR_DEFINITIONS = (
					"$(inherited)",
					"SWIFT_PACKAGE=1",
					"DEBUG=1",
				);
				MACOSX_DEPLOYMENT_TARGET = 10.10;
				ONLY_ACTIVE_ARCH = YES;
				OTHER_SWIFT_FLAGS = "$(inherited) -DXcode";
				PRODUCT_NAME = "$(TARGET_NAME)";
				SDKROOT = macosx;
				SUPPORTED_PLATFORMS = "$(AVAILABLE_PLATFORMS)";
				SUPPORTS_MACCATALYST = YES;
				SWIFT_ACTIVE_COMPILATION_CONDITIONS = "$(inherited) SWIFT_PACKAGE DEBUG";
				SWIFT_OPTIMIZATION_LEVEL = "-Onone";
				USE_HEADERMAP = NO;
			};
			name = Debug;
		};
		OBJ_4 /* Release */ = {
			isa = XCBuildConfiguration;
			buildSettings = {
				CLANG_ENABLE_OBJC_ARC = YES;
				COMBINE_HIDPI_IMAGES = YES;
				COPY_PHASE_STRIP = YES;
				DEBUG_INFORMATION_FORMAT = "dwarf-with-dsym";
				DYLIB_INSTALL_NAME_BASE = "@rpath";
				FRAMEWORK_SEARCH_PATHS = "$(SRCROOT)/Carthage/Build";
				GCC_OPTIMIZATION_LEVEL = s;
				GCC_PREPROCESSOR_DEFINITIONS = (
					"$(inherited)",
					"SWIFT_PACKAGE=1",
				);
				MACOSX_DEPLOYMENT_TARGET = 10.10;
				OTHER_SWIFT_FLAGS = "$(inherited) -DXcode";
				PRODUCT_NAME = "$(TARGET_NAME)";
				SDKROOT = macosx;
				SUPPORTED_PLATFORMS = "$(AVAILABLE_PLATFORMS)";
				SUPPORTS_MACCATALYST = YES;
				SWIFT_ACTIVE_COMPILATION_CONDITIONS = "$(inherited) SWIFT_PACKAGE";
				SWIFT_COMPILATION_MODE = wholemodule;
				SWIFT_OPTIMIZATION_LEVEL = "-O";
				USE_HEADERMAP = NO;
			};
			name = Release;
		};
		OBJ_72 /* Debug */ = {
			isa = XCBuildConfiguration;
			buildSettings = {
				CURRENT_PROJECT_VERSION = 1;
				DRIVERKIT_DEPLOYMENT_TARGET = 19.0;
				ENABLE_TESTABILITY = YES;
				FRAMEWORK_SEARCH_PATHS = (
					"$(inherited)",
					"$(PLATFORM_DIR)/Developer/Library/Frameworks",
				);
				HEADER_SEARCH_PATHS = "$(inherited)";
				INFOPLIST_FILE = "w3w-swift-components-ocr.xcodeproj/W3WSwiftApi_Info.plist";
				IPHONEOS_DEPLOYMENT_TARGET = 9.0;
				LD_RUNPATH_SEARCH_PATHS = (
					"$(inherited)",
					"$(TOOLCHAIN_DIR)/usr/lib/swift/macosx",
				);
				MACOSX_DEPLOYMENT_TARGET = 10.10;
				OTHER_CFLAGS = "$(inherited)";
				OTHER_LDFLAGS = "$(inherited)";
				OTHER_SWIFT_FLAGS = "$(inherited)";
				PRODUCT_BUNDLE_IDENTIFIER = W3WSwiftApi;
				PRODUCT_MODULE_NAME = "$(TARGET_NAME:c99extidentifier)";
				PRODUCT_NAME = "$(TARGET_NAME:c99extidentifier)";
				SKIP_INSTALL = YES;
				SWIFT_ACTIVE_COMPILATION_CONDITIONS = "$(inherited)";
				SWIFT_VERSION = 5.0;
				TARGET_NAME = W3WSwiftApi;
				TVOS_DEPLOYMENT_TARGET = 11.0;
				WATCHOS_DEPLOYMENT_TARGET = 2.0;
			};
			name = Debug;
		};
		OBJ_73 /* Release */ = {
			isa = XCBuildConfiguration;
			buildSettings = {
				CURRENT_PROJECT_VERSION = 1;
				DRIVERKIT_DEPLOYMENT_TARGET = 19.0;
				ENABLE_TESTABILITY = YES;
				FRAMEWORK_SEARCH_PATHS = (
					"$(inherited)",
					"$(PLATFORM_DIR)/Developer/Library/Frameworks",
				);
				HEADER_SEARCH_PATHS = "$(inherited)";
				INFOPLIST_FILE = "w3w-swift-components-ocr.xcodeproj/W3WSwiftApi_Info.plist";
				IPHONEOS_DEPLOYMENT_TARGET = 9.0;
				LD_RUNPATH_SEARCH_PATHS = (
					"$(inherited)",
					"$(TOOLCHAIN_DIR)/usr/lib/swift/macosx",
				);
				MACOSX_DEPLOYMENT_TARGET = 10.10;
				OTHER_CFLAGS = "$(inherited)";
				OTHER_LDFLAGS = "$(inherited)";
				OTHER_SWIFT_FLAGS = "$(inherited)";
				PRODUCT_BUNDLE_IDENTIFIER = W3WSwiftApi;
				PRODUCT_MODULE_NAME = "$(TARGET_NAME:c99extidentifier)";
				PRODUCT_NAME = "$(TARGET_NAME:c99extidentifier)";
				SKIP_INSTALL = YES;
				SWIFT_ACTIVE_COMPILATION_CONDITIONS = "$(inherited)";
				SWIFT_VERSION = 5.0;
				TARGET_NAME = W3WSwiftApi;
				TVOS_DEPLOYMENT_TARGET = 11.0;
				WATCHOS_DEPLOYMENT_TARGET = 2.0;
			};
			name = Release;
		};
		OBJ_97 /* Debug */ = {
			isa = XCBuildConfiguration;
			buildSettings = {
				CURRENT_PROJECT_VERSION = 1;
				DRIVERKIT_DEPLOYMENT_TARGET = 19.0;
				ENABLE_TESTABILITY = YES;
				FRAMEWORK_SEARCH_PATHS = "$(inherited)";
				HEADER_SEARCH_PATHS = "$(inherited)";
				INFOPLIST_FILE = "w3w-swift-components-ocr.xcodeproj/W3WSwiftComponentsOcr_Info.plist";
				IPHONEOS_DEPLOYMENT_TARGET = 12.0;
				LD_RUNPATH_SEARCH_PATHS = (
					"$(inherited)",
					"$(TOOLCHAIN_DIR)/usr/lib/swift/macosx",
				);
				MACOSX_DEPLOYMENT_TARGET = 10.11;
				OTHER_CFLAGS = "$(inherited)";
				OTHER_LDFLAGS = "$(inherited)";
				OTHER_SWIFT_FLAGS = "$(inherited)";
				PRODUCT_BUNDLE_IDENTIFIER = W3WSwiftComponentsOcr;
				PRODUCT_MODULE_NAME = "$(TARGET_NAME:c99extidentifier)";
				PRODUCT_NAME = "$(TARGET_NAME:c99extidentifier)";
				SKIP_INSTALL = YES;
				SWIFT_ACTIVE_COMPILATION_CONDITIONS = "$(inherited)";
				SWIFT_VERSION = 5.0;
				TARGET_NAME = W3WSwiftComponentsOcr;
				TVOS_DEPLOYMENT_TARGET = 11.0;
				WATCHOS_DEPLOYMENT_TARGET = 2.0;
			};
			name = Debug;
		};
		OBJ_98 /* Release */ = {
			isa = XCBuildConfiguration;
			buildSettings = {
				CURRENT_PROJECT_VERSION = 1;
				DRIVERKIT_DEPLOYMENT_TARGET = 19.0;
				ENABLE_TESTABILITY = YES;
				FRAMEWORK_SEARCH_PATHS = "$(inherited)";
				HEADER_SEARCH_PATHS = "$(inherited)";
				INFOPLIST_FILE = "w3w-swift-components-ocr.xcodeproj/W3WSwiftComponentsOcr_Info.plist";
				IPHONEOS_DEPLOYMENT_TARGET = 12.0;
				LD_RUNPATH_SEARCH_PATHS = (
					"$(inherited)",
					"$(TOOLCHAIN_DIR)/usr/lib/swift/macosx",
				);
				MACOSX_DEPLOYMENT_TARGET = 10.11;
				OTHER_CFLAGS = "$(inherited)";
				OTHER_LDFLAGS = "$(inherited)";
				OTHER_SWIFT_FLAGS = "$(inherited)";
				PRODUCT_BUNDLE_IDENTIFIER = W3WSwiftComponentsOcr;
				PRODUCT_MODULE_NAME = "$(TARGET_NAME:c99extidentifier)";
				PRODUCT_NAME = "$(TARGET_NAME:c99extidentifier)";
				SKIP_INSTALL = YES;
				SWIFT_ACTIVE_COMPILATION_CONDITIONS = "$(inherited)";
				SWIFT_VERSION = 5.0;
				TARGET_NAME = W3WSwiftComponentsOcr;
				TVOS_DEPLOYMENT_TARGET = 11.0;
				WATCHOS_DEPLOYMENT_TARGET = 2.0;
			};
			name = Release;
		};
/* End XCBuildConfiguration section */

/* Begin XCConfigurationList section */
		OBJ_120 /* Build configuration list for PBXNativeTarget "w3w-swift-components-ocrPackageDescription" */ = {
			isa = XCConfigurationList;
			buildConfigurations = (
				OBJ_121 /* Debug */,
				OBJ_122 /* Release */,
			);
			defaultConfigurationIsVisible = 0;
			defaultConfigurationName = Release;
		};
		OBJ_126 /* Build configuration list for PBXAggregateTarget "w3w-swift-components-ocrPackageTests" */ = {
			isa = XCConfigurationList;
			buildConfigurations = (
				OBJ_127 /* Debug */,
				OBJ_128 /* Release */,
			);
			defaultConfigurationIsVisible = 0;
			defaultConfigurationName = Release;
		};
		OBJ_131 /* Build configuration list for PBXNativeTarget "w3w-swift-components-ocrTests" */ = {
			isa = XCConfigurationList;
			buildConfigurations = (
				OBJ_132 /* Debug */,
				OBJ_133 /* Release */,
			);
			defaultConfigurationIsVisible = 0;
			defaultConfigurationName = Release;
		};
		OBJ_143 /* Build configuration list for PBXNativeTarget "w3w-swift-wrapperPackageDescription" */ = {
			isa = XCConfigurationList;
			buildConfigurations = (
				OBJ_144 /* Debug */,
				OBJ_145 /* Release */,
			);
			defaultConfigurationIsVisible = 0;
			defaultConfigurationName = Release;
		};
		OBJ_2 /* Build configuration list for PBXProject "w3w-swift-components-ocr" */ = {
			isa = XCConfigurationList;
			buildConfigurations = (
				OBJ_3 /* Debug */,
				OBJ_4 /* Release */,
			);
			defaultConfigurationIsVisible = 0;
			defaultConfigurationName = Release;
		};
		OBJ_71 /* Build configuration list for PBXNativeTarget "W3WSwiftApi" */ = {
			isa = XCConfigurationList;
			buildConfigurations = (
				OBJ_72 /* Debug */,
				OBJ_73 /* Release */,
			);
			defaultConfigurationIsVisible = 0;
			defaultConfigurationName = Release;
		};
		OBJ_96 /* Build configuration list for PBXNativeTarget "W3WSwiftComponentsOcr" */ = {
			isa = XCConfigurationList;
			buildConfigurations = (
				OBJ_97 /* Debug */,
				OBJ_98 /* Release */,
			);
			defaultConfigurationIsVisible = 0;
			defaultConfigurationName = Release;
		};
/* End XCConfigurationList section */

/* Begin XCRemoteSwiftPackageReference section */
		76A58E202B35A269003785F9 /* XCRemoteSwiftPackageReference "w3w-swift-design" */ = {
			isa = XCRemoteSwiftPackageReference;
			repositoryURL = "https://github.com/what3words/w3w-swift-design.git";
			requirement = {
				branch = v4/main;
				kind = branch;
			};
		};
/* End XCRemoteSwiftPackageReference section */

/* Begin XCSwiftPackageProductDependency section */
		76A58E232B35A3E3003785F9 /* W3WSwiftDesign */ = {
			isa = XCSwiftPackageProductDependency;
			package = 76A58E202B35A269003785F9 /* XCRemoteSwiftPackageReference "w3w-swift-design" */;
			productName = W3WSwiftDesign;
		};
		76A58E252B35A3EF003785F9 /* W3WSwiftDesign */ = {
			isa = XCSwiftPackageProductDependency;
			package = 76A58E202B35A269003785F9 /* XCRemoteSwiftPackageReference "w3w-swift-design" */;
			productName = W3WSwiftDesign;
		};
/* End XCSwiftPackageProductDependency section */
	};
	rootObject = OBJ_1 /* Project object */;
}
