// !$*UTF8*$!
{
	archiveVersion = 1;
	classes = {
	};
	objectVersion = 54;
	objects = {

/* Begin PBXAggregateTarget section */
		"w3w-swift-components-ocr::w3w-swift-components-ocrPackageTests::ProductTarget" /* w3w-swift-components-ocrPackageTests */ = {
			isa = PBXAggregateTarget;
			buildConfigurationList = OBJ_126 /* Build configuration list for PBXAggregateTarget "w3w-swift-components-ocrPackageTests" */;
			buildPhases = (
			);
			dependencies = (
				OBJ_129 /* PBXTargetDependency */,
			);
			name = "w3w-swift-components-ocrPackageTests";
			productName = "w3w-swift-components-ocrPackageTests";
		};
/* End PBXAggregateTarget section */

/* Begin PBXBuildFile section */
		01C84C5928B7AABD00333454 /* W3WOcrProtocol.swift in Sources */ = {isa = PBXBuildFile; fileRef = 01C84C5328B7AABD00333454 /* W3WOcrProtocol.swift */; };
		01C84C5A28B7AABD00333454 /* W3WOcrSdkWrapper.swift in Sources */ = {isa = PBXBuildFile; fileRef = 01C84C5428B7AABD00333454 /* W3WOcrSdkWrapper.swift */; };
		01C84C5B28B7AABD00333454 /* W3WOcrDataTypes.swift in Sources */ = {isa = PBXBuildFile; fileRef = 01C84C5528B7AABD00333454 /* W3WOcrDataTypes.swift */; };
		01C84C5C28B7AABD00333454 /* W3WOcrHybrid.swift in Sources */ = {isa = PBXBuildFile; fileRef = 01C84C5628B7AABD00333454 /* W3WOcrHybrid.swift */; };
		01C84C5D28B7AABD00333454 /* W3WVideoStream.swift in Sources */ = {isa = PBXBuildFile; fileRef = 01C84C5728B7AABD00333454 /* W3WVideoStream.swift */; };
		01C84C5E28B7AABD00333454 /* W3WOcrNative.swift in Sources */ = {isa = PBXBuildFile; fileRef = 01C84C5828B7AABD00333454 /* W3WOcrNative.swift */; };
		01EF31B7291E6CFB002710D9 /* w3w.xcframework in Frameworks */ = {isa = PBXBuildFile; fileRef = 01EF31B4291E6CFA002710D9 /* w3w.xcframework */; platformFilter = ios; };
		01EF31B9291E6CFB002710D9 /* W3WOcrSdk.xcframework in Frameworks */ = {isa = PBXBuildFile; fileRef = 01EF31B5291E6CFA002710D9 /* W3WOcrSdk.xcframework */; platformFilter = ios; };
		01EF31BB291E6CFB002710D9 /* W3WSwiftApi.xcframework in Frameworks */ = {isa = PBXBuildFile; fileRef = 01EF31B6291E6CFA002710D9 /* W3WSwiftApi.xcframework */; platformFilter = ios; };
		76339BBA2B2AF8E70013F9A6 /* W3WOcrStyle.swift in Sources */ = {isa = PBXBuildFile; fileRef = 76339BB92B2AF8E70013F9A6 /* W3WOcrStyle.swift */; };
		OBJ_100 /* W3WCameraImageProcessor.swift in Sources */ = {isa = PBXBuildFile; fileRef = OBJ_10 /* W3WCameraImageProcessor.swift */; };
		OBJ_101 /* W3WOcrCamera.swift in Sources */ = {isa = PBXBuildFile; fileRef = OBJ_11 /* W3WOcrCamera.swift */; };
		OBJ_102 /* W3WOcrBackgroundLayer.swift in Sources */ = {isa = PBXBuildFile; fileRef = OBJ_13 /* W3WOcrBackgroundLayer.swift */; };
		OBJ_103 /* W3WOcrViewfinderLayer.swift in Sources */ = {isa = PBXBuildFile; fileRef = OBJ_14 /* W3WOcrViewfinderLayer.swift */; };
		OBJ_104 /* W3WOcrBoxManager.swift in Sources */ = {isa = PBXBuildFile; fileRef = OBJ_16 /* W3WOcrBoxManager.swift */; };
		OBJ_105 /* W3WOcrCoordinateMaths.swift in Sources */ = {isa = PBXBuildFile; fileRef = OBJ_17 /* W3WOcrCoordinateMaths.swift */; };
		OBJ_106 /* W3WOcrFakeImage.swift in Sources */ = {isa = PBXBuildFile; fileRef = OBJ_18 /* W3WOcrFakeImage.swift */; };
		OBJ_107 /* W3WOcrInteruptionObserver.swift in Sources */ = {isa = PBXBuildFile; fileRef = OBJ_19 /* W3WOcrInteruptionObserver.swift */; };
		OBJ_108 /* W3WOcrOrientationObserver.swift in Sources */ = {isa = PBXBuildFile; fileRef = OBJ_20 /* W3WOcrOrientationObserver.swift */; };
		OBJ_109 /* W3WOcrThread.swift in Sources */ = {isa = PBXBuildFile; fileRef = OBJ_21 /* W3WOcrThread.swift */; };
		OBJ_110 /* W3WOcrBasicView.swift in Sources */ = {isa = PBXBuildFile; fileRef = OBJ_23 /* W3WOcrBasicView.swift */; };
		OBJ_111 /* W3WOcrBox.swift in Sources */ = {isa = PBXBuildFile; fileRef = OBJ_24 /* W3WOcrBox.swift */; };
		OBJ_112 /* W3WOcrScannerAddressLabel.swift in Sources */ = {isa = PBXBuildFile; fileRef = OBJ_25 /* W3WOcrScannerAddressLabel.swift */; };
		OBJ_113 /* W3WOcrView.swift in Sources */ = {isa = PBXBuildFile; fileRef = OBJ_26 /* W3WOcrView.swift */; };
		OBJ_114 /* W3WOcrViewController.swift in Sources */ = {isa = PBXBuildFile; fileRef = OBJ_27 /* W3WOcrViewController.swift */; };
		OBJ_115 /* W3WSettings.swift in Sources */ = {isa = PBXBuildFile; fileRef = OBJ_28 /* W3WSettings.swift */; };
		OBJ_124 /* Package.swift in Sources */ = {isa = PBXBuildFile; fileRef = OBJ_6 /* Package.swift */; };
		OBJ_135 /* XCTestManifests.swift in Sources */ = {isa = PBXBuildFile; fileRef = OBJ_31 /* XCTestManifests.swift */; };
		OBJ_136 /* w3w_swift_components_ocrTests.swift in Sources */ = {isa = PBXBuildFile; fileRef = OBJ_32 /* w3w_swift_components_ocrTests.swift */; };
		OBJ_138 /* W3WSwiftComponentsOcr.framework in Frameworks */ = {isa = PBXBuildFile; fileRef = "w3w-swift-components-ocr::W3WSwiftComponentsOcr::Product" /* W3WSwiftComponentsOcr.framework */; };
		OBJ_139 /* W3WSwiftApi.framework in Frameworks */ = {isa = PBXBuildFile; fileRef = "w3w-swift-wrapper::W3WSwiftApi::Product" /* W3WSwiftApi.framework */; };
/* End PBXBuildFile section */

/* Begin PBXContainerItemProxy section */
		01CB048A2795C35B007723AC /* PBXContainerItemProxy */ = {
			isa = PBXContainerItemProxy;
			containerPortal = OBJ_1 /* Project object */;
			proxyType = 1;
			remoteGlobalIDString = "w3w-swift-components-ocr::W3WSwiftComponentsOcr";
			remoteInfo = W3WSwiftComponentsOcr;
		};
		01CB048B2795C35B007723AC /* PBXContainerItemProxy */ = {
			isa = PBXContainerItemProxy;
			containerPortal = OBJ_1 /* Project object */;
			proxyType = 1;
			remoteGlobalIDString = "w3w-swift-wrapper::W3WSwiftApi";
			remoteInfo = W3WSwiftApi;
		};
		01CB049227972BA2007723AC /* PBXContainerItemProxy */ = {
			isa = PBXContainerItemProxy;
			containerPortal = OBJ_1 /* Project object */;
			proxyType = 1;
			remoteGlobalIDString = "w3w-swift-components-ocr::w3w-swift-components-ocrTests";
			remoteInfo = "w3w-swift-components-ocrTests";
		};
/* End PBXContainerItemProxy section */

/* Begin PBXFileReference section */
		01C84C5328B7AABD00333454 /* W3WOcrProtocol.swift */ = {isa = PBXFileReference; lastKnownFileType = sourcecode.swift; name = W3WOcrProtocol.swift; path = Ocr/W3WOcrProtocol.swift; sourceTree = "<group>"; };
		01C84C5428B7AABD00333454 /* W3WOcrSdkWrapper.swift */ = {isa = PBXFileReference; lastKnownFileType = sourcecode.swift; name = W3WOcrSdkWrapper.swift; path = Ocr/W3WOcrSdkWrapper.swift; sourceTree = "<group>"; };
		01C84C5528B7AABD00333454 /* W3WOcrDataTypes.swift */ = {isa = PBXFileReference; lastKnownFileType = sourcecode.swift; name = W3WOcrDataTypes.swift; path = Ocr/W3WOcrDataTypes.swift; sourceTree = "<group>"; };
		01C84C5628B7AABD00333454 /* W3WOcrHybrid.swift */ = {isa = PBXFileReference; lastKnownFileType = sourcecode.swift; name = W3WOcrHybrid.swift; path = Ocr/W3WOcrHybrid.swift; sourceTree = "<group>"; };
		01C84C5728B7AABD00333454 /* W3WVideoStream.swift */ = {isa = PBXFileReference; lastKnownFileType = sourcecode.swift; name = W3WVideoStream.swift; path = Ocr/W3WVideoStream.swift; sourceTree = "<group>"; };
		01C84C5828B7AABD00333454 /* W3WOcrNative.swift */ = {isa = PBXFileReference; lastKnownFileType = sourcecode.swift; name = W3WOcrNative.swift; path = Ocr/W3WOcrNative.swift; sourceTree = "<group>"; };
		01EF31B4291E6CFA002710D9 /* w3w.xcframework */ = {isa = PBXFileReference; lastKnownFileType = wrapper.xcframework; name = w3w.xcframework; path = Frameworks/w3w.xcframework; sourceTree = "<group>"; };
		01EF31B5291E6CFA002710D9 /* W3WOcrSdk.xcframework */ = {isa = PBXFileReference; lastKnownFileType = wrapper.xcframework; name = W3WOcrSdk.xcframework; path = Frameworks/W3WOcrSdk.xcframework; sourceTree = "<group>"; };
		01EF31B6291E6CFA002710D9 /* W3WSwiftApi.xcframework */ = {isa = PBXFileReference; lastKnownFileType = wrapper.xcframework; name = W3WSwiftApi.xcframework; path = Frameworks/W3WSwiftApi.xcframework; sourceTree = "<group>"; };
		76339BB92B2AF8E70013F9A6 /* W3WOcrStyle.swift */ = {isa = PBXFileReference; lastKnownFileType = sourcecode.swift; path = W3WOcrStyle.swift; sourceTree = "<group>"; };
		OBJ_10 /* W3WCameraImageProcessor.swift */ = {isa = PBXFileReference; lastKnownFileType = sourcecode.swift; path = W3WCameraImageProcessor.swift; sourceTree = "<group>"; };
		OBJ_11 /* W3WOcrCamera.swift */ = {isa = PBXFileReference; lastKnownFileType = sourcecode.swift; path = W3WOcrCamera.swift; sourceTree = "<group>"; };
		OBJ_13 /* W3WOcrBackgroundLayer.swift */ = {isa = PBXFileReference; lastKnownFileType = sourcecode.swift; path = W3WOcrBackgroundLayer.swift; sourceTree = "<group>"; };
		OBJ_14 /* W3WOcrViewfinderLayer.swift */ = {isa = PBXFileReference; lastKnownFileType = sourcecode.swift; path = W3WOcrViewfinderLayer.swift; sourceTree = "<group>"; };
		OBJ_16 /* W3WOcrBoxManager.swift */ = {isa = PBXFileReference; lastKnownFileType = sourcecode.swift; path = W3WOcrBoxManager.swift; sourceTree = "<group>"; };
		OBJ_17 /* W3WOcrCoordinateMaths.swift */ = {isa = PBXFileReference; lastKnownFileType = sourcecode.swift; path = W3WOcrCoordinateMaths.swift; sourceTree = "<group>"; };
		OBJ_18 /* W3WOcrFakeImage.swift */ = {isa = PBXFileReference; lastKnownFileType = sourcecode.swift; path = W3WOcrFakeImage.swift; sourceTree = "<group>"; };
		OBJ_19 /* W3WOcrInteruptionObserver.swift */ = {isa = PBXFileReference; lastKnownFileType = sourcecode.swift; path = W3WOcrInteruptionObserver.swift; sourceTree = "<group>"; };
		OBJ_20 /* W3WOcrOrientationObserver.swift */ = {isa = PBXFileReference; lastKnownFileType = sourcecode.swift; path = W3WOcrOrientationObserver.swift; sourceTree = "<group>"; };
		OBJ_21 /* W3WOcrThread.swift */ = {isa = PBXFileReference; lastKnownFileType = sourcecode.swift; path = W3WOcrThread.swift; sourceTree = "<group>"; };
		OBJ_23 /* W3WOcrBasicView.swift */ = {isa = PBXFileReference; lastKnownFileType = sourcecode.swift; path = W3WOcrBasicView.swift; sourceTree = "<group>"; };
		OBJ_24 /* W3WOcrBox.swift */ = {isa = PBXFileReference; lastKnownFileType = sourcecode.swift; path = W3WOcrBox.swift; sourceTree = "<group>"; };
		OBJ_25 /* W3WOcrScannerAddressLabel.swift */ = {isa = PBXFileReference; lastKnownFileType = sourcecode.swift; path = W3WOcrScannerAddressLabel.swift; sourceTree = "<group>"; };
		OBJ_26 /* W3WOcrView.swift */ = {isa = PBXFileReference; lastKnownFileType = sourcecode.swift; path = W3WOcrView.swift; sourceTree = "<group>"; };
		OBJ_27 /* W3WOcrViewController.swift */ = {isa = PBXFileReference; lastKnownFileType = sourcecode.swift; path = W3WOcrViewController.swift; sourceTree = "<group>"; };
		OBJ_28 /* W3WSettings.swift */ = {isa = PBXFileReference; lastKnownFileType = sourcecode.swift; path = W3WSettings.swift; sourceTree = "<group>"; };
		OBJ_31 /* XCTestManifests.swift */ = {isa = PBXFileReference; lastKnownFileType = sourcecode.swift; path = XCTestManifests.swift; sourceTree = "<group>"; };
		OBJ_32 /* w3w_swift_components_ocrTests.swift */ = {isa = PBXFileReference; lastKnownFileType = sourcecode.swift; path = w3w_swift_components_ocrTests.swift; sourceTree = "<group>"; };
		OBJ_6 /* Package.swift */ = {isa = PBXFileReference; explicitFileType = sourcecode.swift; path = Package.swift; sourceTree = "<group>"; };
		OBJ_68 /* Documentation */ = {isa = PBXFileReference; lastKnownFileType = folder; path = Documentation; sourceTree = SOURCE_ROOT; };
		OBJ_69 /* README.md */ = {isa = PBXFileReference; lastKnownFileType = net.daringfireball.markdown; path = README.md; sourceTree = "<group>"; };
		"w3w-swift-components-ocr::W3WSwiftComponentsOcr::Product" /* W3WSwiftComponentsOcr.framework */ = {isa = PBXFileReference; explicitFileType = wrapper.framework; path = W3WSwiftComponentsOcr.framework; sourceTree = BUILT_PRODUCTS_DIR; };
		"w3w-swift-components-ocr::w3w-swift-components-ocrTests::Product" /* w3w-swift-components-ocrTests.xctest */ = {isa = PBXFileReference; explicitFileType = wrapper.cfbundle; path = "w3w-swift-components-ocrTests.xctest"; sourceTree = BUILT_PRODUCTS_DIR; };
		"w3w-swift-wrapper::W3WSwiftApi::Product" /* W3WSwiftApi.framework */ = {isa = PBXFileReference; lastKnownFileType = wrapper.framework; path = W3WSwiftApi.framework; sourceTree = BUILT_PRODUCTS_DIR; };
/* End PBXFileReference section */

/* Begin PBXFrameworksBuildPhase section */
		OBJ_116 /* Frameworks */ = {
			isa = PBXFrameworksBuildPhase;
			buildActionMask = 0;
			files = (
				01EF31BB291E6CFB002710D9 /* W3WSwiftApi.xcframework in Frameworks */,
				01EF31B7291E6CFB002710D9 /* w3w.xcframework in Frameworks */,
				01EF31B9291E6CFB002710D9 /* W3WOcrSdk.xcframework in Frameworks */,
			);
			runOnlyForDeploymentPostprocessing = 0;
		};
		OBJ_137 /* Frameworks */ = {
			isa = PBXFrameworksBuildPhase;
			buildActionMask = 0;
			files = (
				OBJ_138 /* W3WSwiftComponentsOcr.framework in Frameworks */,
				OBJ_139 /* W3WSwiftApi.framework in Frameworks */,
			);
			runOnlyForDeploymentPostprocessing = 0;
		};
		OBJ_94 /* Frameworks */ = {
			isa = PBXFrameworksBuildPhase;
			buildActionMask = 0;
			files = (
			);
			runOnlyForDeploymentPostprocessing = 0;
		};
/* End PBXFrameworksBuildPhase section */

/* Begin PBXGroup section */
		01C84C5F28B7AACB00333454 /* Ocr */ = {
			isa = PBXGroup;
			children = (
				01C84C5528B7AABD00333454 /* W3WOcrDataTypes.swift */,
				01C84C5628B7AABD00333454 /* W3WOcrHybrid.swift */,
				01C84C5828B7AABD00333454 /* W3WOcrNative.swift */,
				01C84C5328B7AABD00333454 /* W3WOcrProtocol.swift */,
				01C84C5428B7AABD00333454 /* W3WOcrSdkWrapper.swift */,
				01C84C5728B7AABD00333454 /* W3WVideoStream.swift */,
			);
			name = Ocr;
			sourceTree = "<group>";
		};
		01CB048D27972B9E007723AC /* Frameworks */ = {
			isa = PBXGroup;
			children = (
				01EF31B4291E6CFA002710D9 /* w3w.xcframework */,
				01EF31B5291E6CFA002710D9 /* W3WOcrSdk.xcframework */,
				01EF31B6291E6CFA002710D9 /* W3WSwiftApi.xcframework */,
			);
			name = Frameworks;
			sourceTree = "<group>";
		};
		OBJ_12 /* Layers */ = {
			isa = PBXGroup;
			children = (
				OBJ_13 /* W3WOcrBackgroundLayer.swift */,
				OBJ_14 /* W3WOcrViewfinderLayer.swift */,
			);
			path = Layers;
			sourceTree = "<group>";
		};
		OBJ_15 /* Util */ = {
			isa = PBXGroup;
			children = (
				OBJ_16 /* W3WOcrBoxManager.swift */,
				OBJ_17 /* W3WOcrCoordinateMaths.swift */,
				OBJ_18 /* W3WOcrFakeImage.swift */,
				OBJ_19 /* W3WOcrInteruptionObserver.swift */,
				OBJ_20 /* W3WOcrOrientationObserver.swift */,
				OBJ_21 /* W3WOcrThread.swift */,
			);
			path = Util;
			sourceTree = "<group>";
		};
		OBJ_22 /* Views */ = {
			isa = PBXGroup;
			children = (
				OBJ_23 /* W3WOcrBasicView.swift */,
				OBJ_24 /* W3WOcrBox.swift */,
				OBJ_25 /* W3WOcrScannerAddressLabel.swift */,
				OBJ_26 /* W3WOcrView.swift */,
			);
			path = Views;
			sourceTree = "<group>";
		};
		OBJ_29 /* Tests */ = {
			isa = PBXGroup;
			children = (
				OBJ_30 /* w3w-swift-components-ocrTests */,
			);
			name = Tests;
			sourceTree = SOURCE_ROOT;
		};
		OBJ_30 /* w3w-swift-components-ocrTests */ = {
			isa = PBXGroup;
			children = (
				OBJ_31 /* XCTestManifests.swift */,
				OBJ_32 /* w3w_swift_components_ocrTests.swift */,
			);
			name = "w3w-swift-components-ocrTests";
			path = "Tests/w3w-swift-components-ocrTests";
			sourceTree = SOURCE_ROOT;
		};
		OBJ_33 /* Dependencies */ = {
			isa = PBXGroup;
			children = (
			);
			name = Dependencies;
			sourceTree = "<group>";
		};
		OBJ_5 = {
			isa = PBXGroup;
			children = (
				OBJ_6 /* Package.swift */,
				OBJ_7 /* Sources */,
				OBJ_29 /* Tests */,
				OBJ_33 /* Dependencies */,
				OBJ_64 /* Products */,
				OBJ_68 /* Documentation */,
				OBJ_69 /* README.md */,
				01CB048D27972B9E007723AC /* Frameworks */,
			);
			sourceTree = "<group>";
		};
		OBJ_64 /* Products */ = {
			isa = PBXGroup;
			children = (
				"w3w-swift-wrapper::W3WSwiftApi::Product" /* W3WSwiftApi.framework */,
				"w3w-swift-components-ocr::W3WSwiftComponentsOcr::Product" /* W3WSwiftComponentsOcr.framework */,
				"w3w-swift-components-ocr::w3w-swift-components-ocrTests::Product" /* w3w-swift-components-ocrTests.xctest */,
			);
			name = Products;
			sourceTree = BUILT_PRODUCTS_DIR;
		};
		OBJ_7 /* Sources */ = {
			isa = PBXGroup;
			children = (
				OBJ_8 /* W3WSwiftComponentsOcr */,
			);
			name = Sources;
			sourceTree = SOURCE_ROOT;
		};
		OBJ_8 /* W3WSwiftComponentsOcr */ = {
			isa = PBXGroup;
			children = (
				OBJ_9 /* Camera */,
				OBJ_12 /* Layers */,
				01C84C5F28B7AACB00333454 /* Ocr */,
				OBJ_15 /* Util */,
				OBJ_22 /* Views */,
				OBJ_27 /* W3WOcrViewController.swift */,
				OBJ_28 /* W3WSettings.swift */,
				76339BB92B2AF8E70013F9A6 /* W3WOcrStyle.swift */,
			);
			name = W3WSwiftComponentsOcr;
			path = Sources/W3WSwiftComponentsOcr;
			sourceTree = SOURCE_ROOT;
		};
		OBJ_9 /* Camera */ = {
			isa = PBXGroup;
			children = (
				OBJ_10 /* W3WCameraImageProcessor.swift */,
				OBJ_11 /* W3WOcrCamera.swift */,
			);
			path = Camera;
			sourceTree = "<group>";
		};
/* End PBXGroup section */

/* Begin PBXNativeTarget section */
		"w3w-swift-components-ocr::SwiftPMPackageDescription" /* w3w-swift-components-ocrPackageDescription */ = {
			isa = PBXNativeTarget;
			buildConfigurationList = OBJ_120 /* Build configuration list for PBXNativeTarget "w3w-swift-components-ocrPackageDescription" */;
			buildPhases = (
				OBJ_123 /* Sources */,
			);
			buildRules = (
			);
			dependencies = (
			);
			name = "w3w-swift-components-ocrPackageDescription";
			productName = "w3w-swift-components-ocrPackageDescription";
			productType = "com.apple.product-type.framework";
		};
		"w3w-swift-components-ocr::W3WSwiftComponentsOcr" /* W3WSwiftComponentsOcr */ = {
			isa = PBXNativeTarget;
			buildConfigurationList = OBJ_96 /* Build configuration list for PBXNativeTarget "W3WSwiftComponentsOcr" */;
			buildPhases = (
				OBJ_99 /* Sources */,
				OBJ_116 /* Frameworks */,
			);
			buildRules = (
			);
			dependencies = (
			);
			name = W3WSwiftComponentsOcr;
			productName = W3WSwiftComponentsOcr;
			productReference = "w3w-swift-components-ocr::W3WSwiftComponentsOcr::Product" /* W3WSwiftComponentsOcr.framework */;
			productType = "com.apple.product-type.framework";
		};
		"w3w-swift-components-ocr::w3w-swift-components-ocrTests" /* w3w-swift-components-ocrTests */ = {
			isa = PBXNativeTarget;
			buildConfigurationList = OBJ_131 /* Build configuration list for PBXNativeTarget "w3w-swift-components-ocrTests" */;
			buildPhases = (
				OBJ_134 /* Sources */,
				OBJ_137 /* Frameworks */,
			);
			buildRules = (
			);
			dependencies = (
				OBJ_140 /* PBXTargetDependency */,
				OBJ_141 /* PBXTargetDependency */,
			);
			name = "w3w-swift-components-ocrTests";
			productName = w3w_swift_components_ocrTests;
			productReference = "w3w-swift-components-ocr::w3w-swift-components-ocrTests::Product" /* w3w-swift-components-ocrTests.xctest */;
			productType = "com.apple.product-type.bundle.unit-test";
		};
		"w3w-swift-wrapper::SwiftPMPackageDescription" /* w3w-swift-wrapperPackageDescription */ = {
			isa = PBXNativeTarget;
			buildConfigurationList = OBJ_143 /* Build configuration list for PBXNativeTarget "w3w-swift-wrapperPackageDescription" */;
			buildPhases = (
				OBJ_146 /* Sources */,
			);
			buildRules = (
			);
			dependencies = (
			);
			name = "w3w-swift-wrapperPackageDescription";
			productName = "w3w-swift-wrapperPackageDescription";
			productType = "com.apple.product-type.framework";
		};
		"w3w-swift-wrapper::W3WSwiftApi" /* W3WSwiftApi */ = {
			isa = PBXNativeTarget;
			buildConfigurationList = OBJ_71 /* Build configuration list for PBXNativeTarget "W3WSwiftApi" */;
			buildPhases = (
				OBJ_74 /* Sources */,
				OBJ_94 /* Frameworks */,
			);
			buildRules = (
			);
			dependencies = (
			);
			name = W3WSwiftApi;
			productName = W3WSwiftApi;
			productReference = "w3w-swift-wrapper::W3WSwiftApi::Product" /* W3WSwiftApi.framework */;
			productType = "com.apple.product-type.framework";
		};
/* End PBXNativeTarget section */

/* Begin PBXProject section */
		OBJ_1 /* Project object */ = {
			isa = PBXProject;
			attributes = {
				LastSwiftMigration = 9999;
				LastUpgradeCheck = 9999;
			};
			buildConfigurationList = OBJ_2 /* Build configuration list for PBXProject "w3w-swift-components-ocr" */;
			compatibilityVersion = "Xcode 3.2";
			developmentRegion = en;
			hasScannedForEncodings = 0;
			knownRegions = (
				en,
			);
			mainGroup = OBJ_5;
			packageReferences = (
				76339BB62B2AC58B0013F9A6 /* XCRemoteSwiftPackageReference "w3w-swift-design" */,
			);
			productRefGroup = OBJ_64 /* Products */;
			projectDirPath = "";
			projectRoot = "";
			targets = (
				"w3w-swift-wrapper::W3WSwiftApi" /* W3WSwiftApi */,
				"w3w-swift-components-ocr::W3WSwiftComponentsOcr" /* W3WSwiftComponentsOcr */,
				"w3w-swift-components-ocr::SwiftPMPackageDescription" /* w3w-swift-components-ocrPackageDescription */,
				"w3w-swift-components-ocr::w3w-swift-components-ocrPackageTests::ProductTarget" /* w3w-swift-components-ocrPackageTests */,
				"w3w-swift-components-ocr::w3w-swift-components-ocrTests" /* w3w-swift-components-ocrTests */,
				"w3w-swift-wrapper::SwiftPMPackageDescription" /* w3w-swift-wrapperPackageDescription */,
			);
		};
/* End PBXProject section */

/* Begin PBXSourcesBuildPhase section */
		OBJ_123 /* Sources */ = {
			isa = PBXSourcesBuildPhase;
			buildActionMask = 0;
			files = (
				OBJ_124 /* Package.swift in Sources */,
			);
			runOnlyForDeploymentPostprocessing = 0;
		};
		OBJ_134 /* Sources */ = {
			isa = PBXSourcesBuildPhase;
			buildActionMask = 0;
			files = (
				OBJ_135 /* XCTestManifests.swift in Sources */,
				OBJ_136 /* w3w_swift_components_ocrTests.swift in Sources */,
			);
			runOnlyForDeploymentPostprocessing = 0;
		};
		OBJ_146 /* Sources */ = {
			isa = PBXSourcesBuildPhase;
			buildActionMask = 0;
			files = (
			);
			runOnlyForDeploymentPostprocessing = 0;
		};
		OBJ_74 /* Sources */ = {
			isa = PBXSourcesBuildPhase;
			buildActionMask = 0;
			files = (
			);
			runOnlyForDeploymentPostprocessing = 0;
		};
		OBJ_99 /* Sources */ = {
			isa = PBXSourcesBuildPhase;
			buildActionMask = 0;
			files = (
				OBJ_100 /* W3WCameraImageProcessor.swift in Sources */,
				OBJ_101 /* W3WOcrCamera.swift in Sources */,
				OBJ_102 /* W3WOcrBackgroundLayer.swift in Sources */,
				OBJ_103 /* W3WOcrViewfinderLayer.swift in Sources */,
				01C84C5928B7AABD00333454 /* W3WOcrProtocol.swift in Sources */,
				01C84C5A28B7AABD00333454 /* W3WOcrSdkWrapper.swift in Sources */,
				01C84C5B28B7AABD00333454 /* W3WOcrDataTypes.swift in Sources */,
				01C84C5C28B7AABD00333454 /* W3WOcrHybrid.swift in Sources */,
				01C84C5D28B7AABD00333454 /* W3WVideoStream.swift in Sources */,
				01C84C5E28B7AABD00333454 /* W3WOcrNative.swift in Sources */,
				OBJ_104 /* W3WOcrBoxManager.swift in Sources */,
				OBJ_105 /* W3WOcrCoordinateMaths.swift in Sources */,
				OBJ_106 /* W3WOcrFakeImage.swift in Sources */,
				OBJ_107 /* W3WOcrInteruptionObserver.swift in Sources */,
				OBJ_108 /* W3WOcrOrientationObserver.swift in Sources */,
				OBJ_109 /* W3WOcrThread.swift in Sources */,
				OBJ_110 /* W3WOcrBasicView.swift in Sources */,
				OBJ_111 /* W3WOcrBox.swift in Sources */,
				OBJ_112 /* W3WOcrScannerAddressLabel.swift in Sources */,
				OBJ_113 /* W3WOcrView.swift in Sources */,
				76339BBA2B2AF8E70013F9A6 /* W3WOcrStyle.swift in Sources */,
				OBJ_114 /* W3WOcrViewController.swift in Sources */,
				OBJ_115 /* W3WSettings.swift in Sources */,
			);
			runOnlyForDeploymentPostprocessing = 0;
		};
/* End PBXSourcesBuildPhase section */

/* Begin PBXTargetDependency section */
		OBJ_129 /* PBXTargetDependency */ = {
			isa = PBXTargetDependency;
			target = "w3w-swift-components-ocr::w3w-swift-components-ocrTests" /* w3w-swift-components-ocrTests */;
			targetProxy = 01CB049227972BA2007723AC /* PBXContainerItemProxy */;
		};
		OBJ_140 /* PBXTargetDependency */ = {
			isa = PBXTargetDependency;
			target = "w3w-swift-components-ocr::W3WSwiftComponentsOcr" /* W3WSwiftComponentsOcr */;
			targetProxy = 01CB048A2795C35B007723AC /* PBXContainerItemProxy */;
		};
		OBJ_141 /* PBXTargetDependency */ = {
			isa = PBXTargetDependency;
			target = "w3w-swift-wrapper::W3WSwiftApi" /* W3WSwiftApi */;
			targetProxy = 01CB048B2795C35B007723AC /* PBXContainerItemProxy */;
		};
/* End PBXTargetDependency section */

/* Begin XCBuildConfiguration section */
		OBJ_121 /* Debug */ = {
			isa = XCBuildConfiguration;
			buildSettings = {
				FRAMEWORK_SEARCH_PATHS = "$(SRCROOT)/**";
				LD = /usr/bin/true;
				OTHER_SWIFT_FLAGS = "-swift-version 5 -I $(TOOLCHAIN_DIR)/usr/lib/swift/pm/ManifestAPI -sdk /Applications/Xcode.app/Contents/Developer/Platforms/MacOSX.platform/Developer/SDKs/MacOSX11.3.sdk -package-description-version 5.3.0";
				SWIFT_VERSION = 5.0;
			};
			name = Debug;
		};
		OBJ_122 /* Release */ = {
			isa = XCBuildConfiguration;
			buildSettings = {
				FRAMEWORK_SEARCH_PATHS = "$(SRCROOT)/**";
				LD = /usr/bin/true;
				OTHER_SWIFT_FLAGS = "-swift-version 5 -I $(TOOLCHAIN_DIR)/usr/lib/swift/pm/ManifestAPI -sdk /Applications/Xcode.app/Contents/Developer/Platforms/MacOSX.platform/Developer/SDKs/MacOSX11.3.sdk -package-description-version 5.3.0";
				SWIFT_VERSION = 5.0;
			};
			name = Release;
		};
		OBJ_127 /* Debug */ = {
			isa = XCBuildConfiguration;
			buildSettings = {
			};
			name = Debug;
		};
		OBJ_128 /* Release */ = {
			isa = XCBuildConfiguration;
			buildSettings = {
			};
			name = Release;
		};
		OBJ_132 /* Debug */ = {
			isa = XCBuildConfiguration;
			buildSettings = {
				CLANG_ENABLE_MODULES = YES;
				CURRENT_PROJECT_VERSION = 1;
				DRIVERKIT_DEPLOYMENT_TARGET = 19.0;
				EMBEDDED_CONTENT_CONTAINS_SWIFT = YES;
				FRAMEWORK_SEARCH_PATHS = (
					"$(inherited)",
					"$(PLATFORM_DIR)/Developer/Library/Frameworks",
				);
				HEADER_SEARCH_PATHS = "$(inherited)";
				INFOPLIST_FILE = "w3w-swift-components-ocr.xcodeproj/w3w_swift_components_ocrTests_Info.plist";
				IPHONEOS_DEPLOYMENT_TARGET = 14.0;
				LD_RUNPATH_SEARCH_PATHS = (
					"$(inherited)",
					"@loader_path/../Frameworks",
					"@loader_path/Frameworks",
				);
				MACOSX_DEPLOYMENT_TARGET = 11.0;
				OTHER_CFLAGS = "$(inherited)";
				OTHER_LDFLAGS = "$(inherited)";
				OTHER_SWIFT_FLAGS = "$(inherited)";
				SWIFT_ACTIVE_COMPILATION_CONDITIONS = "$(inherited)";
				SWIFT_VERSION = 5.0;
				TARGET_NAME = "w3w-swift-components-ocrTests";
				TVOS_DEPLOYMENT_TARGET = 14.0;
				WATCHOS_DEPLOYMENT_TARGET = 7.0;
			};
			name = Debug;
		};
		OBJ_133 /* Release */ = {
			isa = XCBuildConfiguration;
			buildSettings = {
				CLANG_ENABLE_MODULES = YES;
				CURRENT_PROJECT_VERSION = 1;
				DRIVERKIT_DEPLOYMENT_TARGET = 19.0;
				EMBEDDED_CONTENT_CONTAINS_SWIFT = YES;
				FRAMEWORK_SEARCH_PATHS = (
					"$(inherited)",
					"$(PLATFORM_DIR)/Developer/Library/Frameworks",
				);
				HEADER_SEARCH_PATHS = "$(inherited)";
				INFOPLIST_FILE = "w3w-swift-components-ocr.xcodeproj/w3w_swift_components_ocrTests_Info.plist";
				IPHONEOS_DEPLOYMENT_TARGET = 14.0;
				LD_RUNPATH_SEARCH_PATHS = (
					"$(inherited)",
					"@loader_path/../Frameworks",
					"@loader_path/Frameworks",
				);
				MACOSX_DEPLOYMENT_TARGET = 11.0;
				OTHER_CFLAGS = "$(inherited)";
				OTHER_LDFLAGS = "$(inherited)";
				OTHER_SWIFT_FLAGS = "$(inherited)";
				SWIFT_ACTIVE_COMPILATION_CONDITIONS = "$(inherited)";
				SWIFT_VERSION = 5.0;
				TARGET_NAME = "w3w-swift-components-ocrTests";
				TVOS_DEPLOYMENT_TARGET = 14.0;
				WATCHOS_DEPLOYMENT_TARGET = 7.0;
			};
			name = Release;
		};
		OBJ_144 /* Debug */ = {
			isa = XCBuildConfiguration;
			buildSettings = {
				LD = /usr/bin/true;
				OTHER_SWIFT_FLAGS = "-swift-version 5 -I $(TOOLCHAIN_DIR)/usr/lib/swift/pm/ManifestAPI -sdk /Applications/Xcode.app/Contents/Developer/Platforms/MacOSX.platform/Developer/SDKs/MacOSX11.3.sdk -package-description-version 5.3.0";
				SWIFT_VERSION = 5.0;
			};
			name = Debug;
		};
		OBJ_145 /* Release */ = {
			isa = XCBuildConfiguration;
			buildSettings = {
				LD = /usr/bin/true;
				OTHER_SWIFT_FLAGS = "-swift-version 5 -I $(TOOLCHAIN_DIR)/usr/lib/swift/pm/ManifestAPI -sdk /Applications/Xcode.app/Contents/Developer/Platforms/MacOSX.platform/Developer/SDKs/MacOSX11.3.sdk -package-description-version 5.3.0";
				SWIFT_VERSION = 5.0;
			};
			name = Release;
		};
		OBJ_3 /* Debug */ = {
			isa = XCBuildConfiguration;
			buildSettings = {
				CLANG_ENABLE_OBJC_ARC = YES;
				COMBINE_HIDPI_IMAGES = YES;
				COPY_PHASE_STRIP = NO;
				DEBUG_INFORMATION_FORMAT = dwarf;
				DYLIB_INSTALL_NAME_BASE = "@rpath";
				ENABLE_NS_ASSERTIONS = YES;
				FRAMEWORK_SEARCH_PATHS = "$(SRCROOT)/Carthage/Build";
				GCC_OPTIMIZATION_LEVEL = 0;
				GCC_PREPROCESSOR_DEFINITIONS = (
					"$(inherited)",
					"SWIFT_PACKAGE=1",
					"DEBUG=1",
				);
				MACOSX_DEPLOYMENT_TARGET = 10.10;
				ONLY_ACTIVE_ARCH = YES;
				OTHER_SWIFT_FLAGS = "$(inherited) -DXcode";
				PRODUCT_NAME = "$(TARGET_NAME)";
				SDKROOT = macosx;
				SUPPORTED_PLATFORMS = "$(AVAILABLE_PLATFORMS)";
				SUPPORTS_MACCATALYST = YES;
				SWIFT_ACTIVE_COMPILATION_CONDITIONS = "$(inherited) SWIFT_PACKAGE DEBUG";
				SWIFT_OPTIMIZATION_LEVEL = "-Onone";
				USE_HEADERMAP = NO;
			};
			name = Debug;
		};
		OBJ_4 /* Release */ = {
			isa = XCBuildConfiguration;
			buildSettings = {
				CLANG_ENABLE_OBJC_ARC = YES;
				COMBINE_HIDPI_IMAGES = YES;
				COPY_PHASE_STRIP = YES;
				DEBUG_INFORMATION_FORMAT = "dwarf-with-dsym";
				DYLIB_INSTALL_NAME_BASE = "@rpath";
				FRAMEWORK_SEARCH_PATHS = "$(SRCROOT)/Carthage/Build";
				GCC_OPTIMIZATION_LEVEL = s;
				GCC_PREPROCESSOR_DEFINITIONS = (
					"$(inherited)",
					"SWIFT_PACKAGE=1",
				);
				MACOSX_DEPLOYMENT_TARGET = 10.10;
				OTHER_SWIFT_FLAGS = "$(inherited) -DXcode";
				PRODUCT_NAME = "$(TARGET_NAME)";
				SDKROOT = macosx;
				SUPPORTED_PLATFORMS = "$(AVAILABLE_PLATFORMS)";
				SUPPORTS_MACCATALYST = YES;
				SWIFT_ACTIVE_COMPILATION_CONDITIONS = "$(inherited) SWIFT_PACKAGE";
				SWIFT_COMPILATION_MODE = wholemodule;
				SWIFT_OPTIMIZATION_LEVEL = "-O";
				USE_HEADERMAP = NO;
			};
			name = Release;
		};
		OBJ_72 /* Debug */ = {
			isa = XCBuildConfiguration;
			buildSettings = {
				CURRENT_PROJECT_VERSION = 1;
				DRIVERKIT_DEPLOYMENT_TARGET = 19.0;
				ENABLE_TESTABILITY = YES;
				FRAMEWORK_SEARCH_PATHS = (
					"$(inherited)",
					"$(PLATFORM_DIR)/Developer/Library/Frameworks",
				);
				HEADER_SEARCH_PATHS = "$(inherited)";
				INFOPLIST_FILE = "w3w-swift-components-ocr.xcodeproj/W3WSwiftApi_Info.plist";
				IPHONEOS_DEPLOYMENT_TARGET = 9.0;
				LD_RUNPATH_SEARCH_PATHS = (
					"$(inherited)",
					"$(TOOLCHAIN_DIR)/usr/lib/swift/macosx",
				);
				MACOSX_DEPLOYMENT_TARGET = 10.10;
				OTHER_CFLAGS = "$(inherited)";
				OTHER_LDFLAGS = "$(inherited)";
				OTHER_SWIFT_FLAGS = "$(inherited)";
				PRODUCT_BUNDLE_IDENTIFIER = W3WSwiftApi;
				PRODUCT_MODULE_NAME = "$(TARGET_NAME:c99extidentifier)";
				PRODUCT_NAME = "$(TARGET_NAME:c99extidentifier)";
				SKIP_INSTALL = YES;
				SWIFT_ACTIVE_COMPILATION_CONDITIONS = "$(inherited)";
				SWIFT_VERSION = 5.0;
				TARGET_NAME = W3WSwiftApi;
				TVOS_DEPLOYMENT_TARGET = 11.0;
				WATCHOS_DEPLOYMENT_TARGET = 2.0;
			};
			name = Debug;
		};
		OBJ_73 /* Release */ = {
			isa = XCBuildConfiguration;
			buildSettings = {
				CURRENT_PROJECT_VERSION = 1;
				DRIVERKIT_DEPLOYMENT_TARGET = 19.0;
				ENABLE_TESTABILITY = YES;
				FRAMEWORK_SEARCH_PATHS = (
					"$(inherited)",
					"$(PLATFORM_DIR)/Developer/Library/Frameworks",
				);
				HEADER_SEARCH_PATHS = "$(inherited)";
				INFOPLIST_FILE = "w3w-swift-components-ocr.xcodeproj/W3WSwiftApi_Info.plist";
				IPHONEOS_DEPLOYMENT_TARGET = 9.0;
				LD_RUNPATH_SEARCH_PATHS = (
					"$(inherited)",
					"$(TOOLCHAIN_DIR)/usr/lib/swift/macosx",
				);
				MACOSX_DEPLOYMENT_TARGET = 10.10;
				OTHER_CFLAGS = "$(inherited)";
				OTHER_LDFLAGS = "$(inherited)";
				OTHER_SWIFT_FLAGS = "$(inherited)";
				PRODUCT_BUNDLE_IDENTIFIER = W3WSwiftApi;
				PRODUCT_MODULE_NAME = "$(TARGET_NAME:c99extidentifier)";
				PRODUCT_NAME = "$(TARGET_NAME:c99extidentifier)";
				SKIP_INSTALL = YES;
				SWIFT_ACTIVE_COMPILATION_CONDITIONS = "$(inherited)";
				SWIFT_VERSION = 5.0;
				TARGET_NAME = W3WSwiftApi;
				TVOS_DEPLOYMENT_TARGET = 11.0;
				WATCHOS_DEPLOYMENT_TARGET = 2.0;
			};
			name = Release;
		};
		OBJ_97 /* Debug */ = {
			isa = XCBuildConfiguration;
			buildSettings = {
				CURRENT_PROJECT_VERSION = 1;
				DRIVERKIT_DEPLOYMENT_TARGET = 19.0;
				ENABLE_TESTABILITY = YES;
				FRAMEWORK_SEARCH_PATHS = "$(inherited)";
				HEADER_SEARCH_PATHS = "$(inherited)";
				INFOPLIST_FILE = "w3w-swift-components-ocr.xcodeproj/W3WSwiftComponentsOcr_Info.plist";
				IPHONEOS_DEPLOYMENT_TARGET = 9.0;
				LD_RUNPATH_SEARCH_PATHS = (
					"$(inherited)",
					"$(TOOLCHAIN_DIR)/usr/lib/swift/macosx",
				);
				MACOSX_DEPLOYMENT_TARGET = 10.11;
				OTHER_CFLAGS = "$(inherited)";
				OTHER_LDFLAGS = "$(inherited)";
				OTHER_SWIFT_FLAGS = "$(inherited)";
				PRODUCT_BUNDLE_IDENTIFIER = W3WSwiftComponentsOcr;
				PRODUCT_MODULE_NAME = "$(TARGET_NAME:c99extidentifier)";
				PRODUCT_NAME = "$(TARGET_NAME:c99extidentifier)";
				SKIP_INSTALL = YES;
				SWIFT_ACTIVE_COMPILATION_CONDITIONS = "$(inherited)";
				SWIFT_VERSION = 5.0;
				TARGET_NAME = W3WSwiftComponentsOcr;
				TVOS_DEPLOYMENT_TARGET = 11.0;
				WATCHOS_DEPLOYMENT_TARGET = 2.0;
			};
			name = Debug;
		};
		OBJ_98 /* Release */ = {
			isa = XCBuildConfiguration;
			buildSettings = {
				CURRENT_PROJECT_VERSION = 1;
				DRIVERKIT_DEPLOYMENT_TARGET = 19.0;
				ENABLE_TESTABILITY = YES;
				FRAMEWORK_SEARCH_PATHS = "$(inherited)";
				HEADER_SEARCH_PATHS = "$(inherited)";
				INFOPLIST_FILE = "w3w-swift-components-ocr.xcodeproj/W3WSwiftComponentsOcr_Info.plist";
				IPHONEOS_DEPLOYMENT_TARGET = 9.0;
				LD_RUNPATH_SEARCH_PATHS = (
					"$(inherited)",
					"$(TOOLCHAIN_DIR)/usr/lib/swift/macosx",
				);
				MACOSX_DEPLOYMENT_TARGET = 10.11;
				OTHER_CFLAGS = "$(inherited)";
				OTHER_LDFLAGS = "$(inherited)";
				OTHER_SWIFT_FLAGS = "$(inherited)";
				PRODUCT_BUNDLE_IDENTIFIER = W3WSwiftComponentsOcr;
				PRODUCT_MODULE_NAME = "$(TARGET_NAME:c99extidentifier)";
				PRODUCT_NAME = "$(TARGET_NAME:c99extidentifier)";
				SKIP_INSTALL = YES;
				SWIFT_ACTIVE_COMPILATION_CONDITIONS = "$(inherited)";
				SWIFT_VERSION = 5.0;
				TARGET_NAME = W3WSwiftComponentsOcr;
				TVOS_DEPLOYMENT_TARGET = 11.0;
				WATCHOS_DEPLOYMENT_TARGET = 2.0;
			};
			name = Release;
		};
/* End XCBuildConfiguration section */

/* Begin XCConfigurationList section */
		OBJ_120 /* Build configuration list for PBXNativeTarget "w3w-swift-components-ocrPackageDescription" */ = {
			isa = XCConfigurationList;
			buildConfigurations = (
				OBJ_121 /* Debug */,
				OBJ_122 /* Release */,
			);
			defaultConfigurationIsVisible = 0;
			defaultConfigurationName = Release;
		};
		OBJ_126 /* Build configuration list for PBXAggregateTarget "w3w-swift-components-ocrPackageTests" */ = {
			isa = XCConfigurationList;
			buildConfigurations = (
				OBJ_127 /* Debug */,
				OBJ_128 /* Release */,
			);
			defaultConfigurationIsVisible = 0;
			defaultConfigurationName = Release;
		};
		OBJ_131 /* Build configuration list for PBXNativeTarget "w3w-swift-components-ocrTests" */ = {
			isa = XCConfigurationList;
			buildConfigurations = (
				OBJ_132 /* Debug */,
				OBJ_133 /* Release */,
			);
			defaultConfigurationIsVisible = 0;
			defaultConfigurationName = Release;
		};
		OBJ_143 /* Build configuration list for PBXNativeTarget "w3w-swift-wrapperPackageDescription" */ = {
			isa = XCConfigurationList;
			buildConfigurations = (
				OBJ_144 /* Debug */,
				OBJ_145 /* Release */,
			);
			defaultConfigurationIsVisible = 0;
			defaultConfigurationName = Release;
		};
		OBJ_2 /* Build configuration list for PBXProject "w3w-swift-components-ocr" */ = {
			isa = XCConfigurationList;
			buildConfigurations = (
				OBJ_3 /* Debug */,
				OBJ_4 /* Release */,
			);
			defaultConfigurationIsVisible = 0;
			defaultConfigurationName = Release;
		};
		OBJ_71 /* Build configuration list for PBXNativeTarget "W3WSwiftApi" */ = {
			isa = XCConfigurationList;
			buildConfigurations = (
				OBJ_72 /* Debug */,
				OBJ_73 /* Release */,
			);
			defaultConfigurationIsVisible = 0;
			defaultConfigurationName = Release;
		};
		OBJ_96 /* Build configuration list for PBXNativeTarget "W3WSwiftComponentsOcr" */ = {
			isa = XCConfigurationList;
			buildConfigurations = (
				OBJ_97 /* Debug */,
				OBJ_98 /* Release */,
			);
			defaultConfigurationIsVisible = 0;
			defaultConfigurationName = Release;
		};
/* End XCConfigurationList section */

/* Begin XCRemoteSwiftPackageReference section */
		76339BB62B2AC58B0013F9A6 /* XCRemoteSwiftPackageReference "w3w-swift-design" */ = {
			isa = XCRemoteSwiftPackageReference;
			repositoryURL = "https://github.com/what3words/w3w-swift-design.git";
			requirement = {
				branch = v4/main;
				kind = branch;
			};
		};
/* End XCRemoteSwiftPackageReference section */
	};
	rootObject = OBJ_1 /* Project object */;
}
