// !$*UTF8*$!
{
	archiveVersion = 1;
	classes = {
	};
	objectVersion = 60;
	objects = {

/* Begin PBXBuildFile section */
		010813922C6A610200B7D080 /* AppDelegate.swift in Sources */ = {isa = PBXBuildFile; fileRef = 010813912C6A610200B7D080 /* AppDelegate.swift */; };
		010813942C6A610200B7D080 /* SceneDelegate.swift in Sources */ = {isa = PBXBuildFile; fileRef = 010813932C6A610200B7D080 /* SceneDelegate.swift */; };
		010813962C6A610200B7D080 /* ViewController.swift in Sources */ = {isa = PBXBuildFile; fileRef = 010813952C6A610200B7D080 /* ViewController.swift */; };
		010813992C6A610200B7D080 /* Main.storyboard in Resources */ = {isa = PBXBuildFile; fileRef = 010813972C6A610200B7D080 /* Main.storyboard */; };
		0108139B2C6A610300B7D080 /* Assets.xcassets in Resources */ = {isa = PBXBuildFile; fileRef = 0108139A2C6A610300B7D080 /* Assets.xcassets */; };
		0108139E2C6A610300B7D080 /* LaunchScreen.storyboard in Resources */ = {isa = PBXBuildFile; fileRef = 0108139C2C6A610300B7D080 /* LaunchScreen.storyboard */; };
		010813A92C6A610300B7D080 /* BuildOcrTests.swift in Sources */ = {isa = PBXBuildFile; fileRef = 010813A82C6A610300B7D080 /* BuildOcrTests.swift */; };
		010813B32C6A610300B7D080 /* BuildOcrUITests.swift in Sources */ = {isa = PBXBuildFile; fileRef = 010813B22C6A610300B7D080 /* BuildOcrUITests.swift */; };
		010813B52C6A610300B7D080 /* BuildOcrUITestsLaunchTests.swift in Sources */ = {isa = PBXBuildFile; fileRef = 010813B42C6A610300B7D080 /* BuildOcrUITestsLaunchTests.swift */; };
		010813C32C6A613700B7D080 /* W3WSwiftComponentsOcr in Frameworks */ = {isa = PBXBuildFile; productRef = 010813C22C6A613700B7D080 /* W3WSwiftComponentsOcr */; };
		010813C52C6A627700B7D080 /* MockApi.swift in Sources */ = {isa = PBXBuildFile; fileRef = 010813C42C6A627700B7D080 /* MockApi.swift */; };
/* End PBXBuildFile section */

/* Begin PBXContainerItemProxy section */
		010813A52C6A610300B7D080 /* PBXContainerItemProxy */ = {
			isa = PBXContainerItemProxy;
			containerPortal = 010813862C6A610200B7D080 /* Project object */;
			proxyType = 1;
			remoteGlobalIDString = 0108138D2C6A610200B7D080;
			remoteInfo = BuildOcr;
		};
		010813AF2C6A610300B7D080 /* PBXContainerItemProxy */ = {
			isa = PBXContainerItemProxy;
			containerPortal = 010813862C6A610200B7D080 /* Project object */;
			proxyType = 1;
			remoteGlobalIDString = 0108138D2C6A610200B7D080;
			remoteInfo = BuildOcr;
		};
/* End PBXContainerItemProxy section */

/* Begin PBXFileReference section */
		0108138E2C6A610200B7D080 /* BuildOcr.app */ = {isa = PBXFileReference; explicitFileType = wrapper.application; includeInIndex = 0; path = BuildOcr.app; sourceTree = BUILT_PRODUCTS_DIR; };
		010813912C6A610200B7D080 /* AppDelegate.swift */ = {isa = PBXFileReference; lastKnownFileType = sourcecode.swift; path = AppDelegate.swift; sourceTree = "<group>"; };
		010813932C6A610200B7D080 /* SceneDelegate.swift */ = {isa = PBXFileReference; lastKnownFileType = sourcecode.swift; path = SceneDelegate.swift; sourceTree = "<group>"; };
		010813952C6A610200B7D080 /* ViewController.swift */ = {isa = PBXFileReference; lastKnownFileType = sourcecode.swift; path = ViewController.swift; sourceTree = "<group>"; };
		010813982C6A610200B7D080 /* Base */ = {isa = PBXFileReference; lastKnownFileType = file.storyboard; name = Base; path = Base.lproj/Main.storyboard; sourceTree = "<group>"; };
		0108139A2C6A610300B7D080 /* Assets.xcassets */ = {isa = PBXFileReference; lastKnownFileType = folder.assetcatalog; path = Assets.xcassets; sourceTree = "<group>"; };
		0108139D2C6A610300B7D080 /* Base */ = {isa = PBXFileReference; lastKnownFileType = file.storyboard; name = Base; path = Base.lproj/LaunchScreen.storyboard; sourceTree = "<group>"; };
		0108139F2C6A610300B7D080 /* Info.plist */ = {isa = PBXFileReference; lastKnownFileType = text.plist.xml; path = Info.plist; sourceTree = "<group>"; };
		010813A42C6A610300B7D080 /* BuildOcrTests.xctest */ = {isa = PBXFileReference; explicitFileType = wrapper.cfbundle; includeInIndex = 0; path = BuildOcrTests.xctest; sourceTree = BUILT_PRODUCTS_DIR; };
		010813A82C6A610300B7D080 /* BuildOcrTests.swift */ = {isa = PBXFileReference; lastKnownFileType = sourcecode.swift; path = BuildOcrTests.swift; sourceTree = "<group>"; };
		010813AE2C6A610300B7D080 /* BuildOcrUITests.xctest */ = {isa = PBXFileReference; explicitFileType = wrapper.cfbundle; includeInIndex = 0; path = BuildOcrUITests.xctest; sourceTree = BUILT_PRODUCTS_DIR; };
		010813B22C6A610300B7D080 /* BuildOcrUITests.swift */ = {isa = PBXFileReference; lastKnownFileType = sourcecode.swift; path = BuildOcrUITests.swift; sourceTree = "<group>"; };
		010813B42C6A610300B7D080 /* BuildOcrUITestsLaunchTests.swift */ = {isa = PBXFileReference; lastKnownFileType = sourcecode.swift; path = BuildOcrUITestsLaunchTests.swift; sourceTree = "<group>"; };
		010813C42C6A627700B7D080 /* MockApi.swift */ = {isa = PBXFileReference; lastKnownFileType = sourcecode.swift; path = MockApi.swift; sourceTree = "<group>"; };
/* End PBXFileReference section */

/* Begin PBXFrameworksBuildPhase section */
		0108138B2C6A610200B7D080 /* Frameworks */ = {
			isa = PBXFrameworksBuildPhase;
			buildActionMask = 2147483647;
			files = (
				010813C32C6A613700B7D080 /* W3WSwiftComponentsOcr in Frameworks */,
			);
			runOnlyForDeploymentPostprocessing = 0;
		};
		010813A12C6A610300B7D080 /* Frameworks */ = {
			isa = PBXFrameworksBuildPhase;
			buildActionMask = 2147483647;
			files = (
			);
			runOnlyForDeploymentPostprocessing = 0;
		};
		010813AB2C6A610300B7D080 /* Frameworks */ = {
			isa = PBXFrameworksBuildPhase;
			buildActionMask = 2147483647;
			files = (
			);
			runOnlyForDeploymentPostprocessing = 0;
		};
/* End PBXFrameworksBuildPhase section */

/* Begin PBXGroup section */
		010813852C6A610200B7D080 = {
			isa = PBXGroup;
			children = (
				010813902C6A610200B7D080 /* BuildOcr */,
				010813A72C6A610300B7D080 /* BuildOcrTests */,
				010813B12C6A610300B7D080 /* BuildOcrUITests */,
				0108138F2C6A610200B7D080 /* Products */,
			);
			sourceTree = "<group>";
		};
		0108138F2C6A610200B7D080 /* Products */ = {
			isa = PBXGroup;
			children = (
				0108138E2C6A610200B7D080 /* BuildOcr.app */,
				010813A42C6A610300B7D080 /* BuildOcrTests.xctest */,
				010813AE2C6A610300B7D080 /* BuildOcrUITests.xctest */,
			);
			name = Products;
			sourceTree = "<group>";
		};
		010813902C6A610200B7D080 /* BuildOcr */ = {
			isa = PBXGroup;
			children = (
				010813912C6A610200B7D080 /* AppDelegate.swift */,
				010813932C6A610200B7D080 /* SceneDelegate.swift */,
				010813952C6A610200B7D080 /* ViewController.swift */,
				010813C42C6A627700B7D080 /* MockApi.swift */,
				010813972C6A610200B7D080 /* Main.storyboard */,
				0108139A2C6A610300B7D080 /* Assets.xcassets */,
				0108139C2C6A610300B7D080 /* LaunchScreen.storyboard */,
				0108139F2C6A610300B7D080 /* Info.plist */,
			);
			path = BuildOcr;
			sourceTree = "<group>";
		};
		010813A72C6A610300B7D080 /* BuildOcrTests */ = {
			isa = PBXGroup;
			children = (
				010813A82C6A610300B7D080 /* BuildOcrTests.swift */,
			);
			path = BuildOcrTests;
			sourceTree = "<group>";
		};
		010813B12C6A610300B7D080 /* BuildOcrUITests */ = {
			isa = PBXGroup;
			children = (
				010813B22C6A610300B7D080 /* BuildOcrUITests.swift */,
				010813B42C6A610300B7D080 /* BuildOcrUITestsLaunchTests.swift */,
			);
			path = BuildOcrUITests;
			sourceTree = "<group>";
		};
/* End PBXGroup section */

/* Begin PBXNativeTarget section */
		0108138D2C6A610200B7D080 /* BuildOcr */ = {
			isa = PBXNativeTarget;
			buildConfigurationList = 010813B82C6A610300B7D080 /* Build configuration list for PBXNativeTarget "BuildOcr" */;
			buildPhases = (
				0108138A2C6A610200B7D080 /* Sources */,
				0108138B2C6A610200B7D080 /* Frameworks */,
				0108138C2C6A610200B7D080 /* Resources */,
			);
			buildRules = (
			);
			dependencies = (
			);
			name = BuildOcr;
			packageProductDependencies = (
				010813C22C6A613700B7D080 /* W3WSwiftComponentsOcr */,
			);
			productName = BuildOcr;
			productReference = 0108138E2C6A610200B7D080 /* BuildOcr.app */;
			productType = "com.apple.product-type.application";
		};
		010813A32C6A610300B7D080 /* BuildOcrTests */ = {
			isa = PBXNativeTarget;
			buildConfigurationList = 010813BB2C6A610300B7D080 /* Build configuration list for PBXNativeTarget "BuildOcrTests" */;
			buildPhases = (
				010813A02C6A610300B7D080 /* Sources */,
				010813A12C6A610300B7D080 /* Frameworks */,
				010813A22C6A610300B7D080 /* Resources */,
			);
			buildRules = (
			);
			dependencies = (
				010813A62C6A610300B7D080 /* PBXTargetDependency */,
			);
			name = BuildOcrTests;
			productName = BuildOcrTests;
			productReference = 010813A42C6A610300B7D080 /* BuildOcrTests.xctest */;
			productType = "com.apple.product-type.bundle.unit-test";
		};
		010813AD2C6A610300B7D080 /* BuildOcrUITests */ = {
			isa = PBXNativeTarget;
			buildConfigurationList = 010813BE2C6A610300B7D080 /* Build configuration list for PBXNativeTarget "BuildOcrUITests" */;
			buildPhases = (
				010813AA2C6A610300B7D080 /* Sources */,
				010813AB2C6A610300B7D080 /* Frameworks */,
				010813AC2C6A610300B7D080 /* Resources */,
			);
			buildRules = (
			);
			dependencies = (
				010813B02C6A610300B7D080 /* PBXTargetDependency */,
			);
			name = BuildOcrUITests;
			productName = BuildOcrUITests;
			productReference = 010813AE2C6A610300B7D080 /* BuildOcrUITests.xctest */;
			productType = "com.apple.product-type.bundle.ui-testing";
		};
/* End PBXNativeTarget section */

/* Begin PBXProject section */
		010813862C6A610200B7D080 /* Project object */ = {
			isa = PBXProject;
			attributes = {
				BuildIndependentTargetsInParallel = 1;
				LastSwiftUpdateCheck = 1500;
				LastUpgradeCheck = 1500;
				TargetAttributes = {
					0108138D2C6A610200B7D080 = {
						CreatedOnToolsVersion = 15.0.1;
					};
					010813A32C6A610300B7D080 = {
						CreatedOnToolsVersion = 15.0.1;
						TestTargetID = 0108138D2C6A610200B7D080;
					};
					010813AD2C6A610300B7D080 = {
						CreatedOnToolsVersion = 15.0.1;
						TestTargetID = 0108138D2C6A610200B7D080;
					};
				};
			};
			buildConfigurationList = 010813892C6A610200B7D080 /* Build configuration list for PBXProject "BuildOcr" */;
			compatibilityVersion = "Xcode 14.0";
			developmentRegion = en;
			hasScannedForEncodings = 0;
			knownRegions = (
				en,
				Base,
			);
			mainGroup = 010813852C6A610200B7D080;
			packageReferences = (
				010813C12C6A613700B7D080 /* XCLocalSwiftPackageReference "../../.." */,
			);
			productRefGroup = 0108138F2C6A610200B7D080 /* Products */;
			projectDirPath = "";
			projectRoot = "";
			targets = (
				0108138D2C6A610200B7D080 /* BuildOcr */,
				010813A32C6A610300B7D080 /* BuildOcrTests */,
				010813AD2C6A610300B7D080 /* BuildOcrUITests */,
			);
		};
/* End PBXProject section */

/* Begin PBXResourcesBuildPhase section */
		0108138C2C6A610200B7D080 /* Resources */ = {
			isa = PBXResourcesBuildPhase;
			buildActionMask = 2147483647;
			files = (
				0108139E2C6A610300B7D080 /* LaunchScreen.storyboard in Resources */,
				0108139B2C6A610300B7D080 /* Assets.xcassets in Resources */,
				010813992C6A610200B7D080 /* Main.storyboard in Resources */,
			);
			runOnlyForDeploymentPostprocessing = 0;
		};
		010813A22C6A610300B7D080 /* Resources */ = {
			isa = PBXResourcesBuildPhase;
			buildActionMask = 2147483647;
			files = (
			);
			runOnlyForDeploymentPostprocessing = 0;
		};
		010813AC2C6A610300B7D080 /* Resources */ = {
			isa = PBXResourcesBuildPhase;
			buildActionMask = 2147483647;
			files = (
			);
			runOnlyForDeploymentPostprocessing = 0;
		};
/* End PBXResourcesBuildPhase section */

/* Begin PBXSourcesBuildPhase section */
		0108138A2C6A610200B7D080 /* Sources */ = {
			isa = PBXSourcesBuildPhase;
			buildActionMask = 2147483647;
			files = (
				010813C52C6A627700B7D080 /* MockApi.swift in Sources */,
				010813962C6A610200B7D080 /* ViewController.swift in Sources */,
				010813922C6A610200B7D080 /* AppDelegate.swift in Sources */,
				010813942C6A610200B7D080 /* SceneDelegate.swift in Sources */,
			);
			runOnlyForDeploymentPostprocessing = 0;
		};
		010813A02C6A610300B7D080 /* Sources */ = {
			isa = PBXSourcesBuildPhase;
			buildActionMask = 2147483647;
			files = (
				010813A92C6A610300B7D080 /* BuildOcrTests.swift in Sources */,
			);
			runOnlyForDeploymentPostprocessing = 0;
		};
		010813AA2C6A610300B7D080 /* Sources */ = {
			isa = PBXSourcesBuildPhase;
			buildActionMask = 2147483647;
			files = (
				010813B52C6A610300B7D080 /* BuildOcrUITestsLaunchTests.swift in Sources */,
				010813B32C6A610300B7D080 /* BuildOcrUITests.swift in Sources */,
			);
			runOnlyForDeploymentPostprocessing = 0;
		};
/* End PBXSourcesBuildPhase section */

/* Begin PBXTargetDependency section */
		010813A62C6A610300B7D080 /* PBXTargetDependency */ = {
			isa = PBXTargetDependency;
			target = 0108138D2C6A610200B7D080 /* BuildOcr */;
			targetProxy = 010813A52C6A610300B7D080 /* PBXContainerItemProxy */;
		};
		010813B02C6A610300B7D080 /* PBXTargetDependency */ = {
			isa = PBXTargetDependency;
			target = 0108138D2C6A610200B7D080 /* BuildOcr */;
			targetProxy = 010813AF2C6A610300B7D080 /* PBXContainerItemProxy */;
		};
/* End PBXTargetDependency section */

/* Begin PBXVariantGroup section */
		010813972C6A610200B7D080 /* Main.storyboard */ = {
			isa = PBXVariantGroup;
			children = (
				010813982C6A610200B7D080 /* Base */,
			);
			name = Main.storyboard;
			sourceTree = "<group>";
		};
		0108139C2C6A610300B7D080 /* LaunchScreen.storyboard */ = {
			isa = PBXVariantGroup;
			children = (
				0108139D2C6A610300B7D080 /* Base */,
			);
			name = LaunchScreen.storyboard;
			sourceTree = "<group>";
		};
/* End PBXVariantGroup section */

/* Begin XCBuildConfiguration section */
		010813B62C6A610300B7D080 /* Debug */ = {
			isa = XCBuildConfiguration;
			buildSettings = {
				ALWAYS_SEARCH_USER_PATHS = NO;
				ASSETCATALOG_COMPILER_GENERATE_SWIFT_ASSET_SYMBOL_EXTENSIONS = YES;
				CLANG_ANALYZER_NONNULL = YES;
				CLANG_ANALYZER_NUMBER_OBJECT_CONVERSION = YES_AGGRESSIVE;
				CLANG_CXX_LANGUAGE_STANDARD = "gnu++20";
				CLANG_ENABLE_MODULES = YES;
				CLANG_ENABLE_OBJC_ARC = YES;
				CLANG_ENABLE_OBJC_WEAK = YES;
				CLANG_WARN_BLOCK_CAPTURE_AUTORELEASING = YES;
				CLANG_WARN_BOOL_CONVERSION = YES;
				CLANG_WARN_COMMA = YES;
				CLANG_WARN_CONSTANT_CONVERSION = YES;
				CLANG_WARN_DEPRECATED_OBJC_IMPLEMENTATIONS = YES;
				CLANG_WARN_DIRECT_OBJC_ISA_USAGE = YES_ERROR;
				CLANG_WARN_DOCUMENTATION_COMMENTS = YES;
				CLANG_WARN_EMPTY_BODY = YES;
				CLANG_WARN_ENUM_CONVERSION = YES;
				CLANG_WARN_INFINITE_RECURSION = YES;
				CLANG_WARN_INT_CONVERSION = YES;
				CLANG_WARN_NON_LITERAL_NULL_CONVERSION = YES;
				CLANG_WARN_OBJC_IMPLICIT_RETAIN_SELF = YES;
				CLANG_WARN_OBJC_LITERAL_CONVERSION = YES;
				CLANG_WARN_OBJC_ROOT_CLASS = YES_ERROR;
				CLANG_WARN_QUOTED_INCLUDE_IN_FRAMEWORK_HEADER = YES;
				CLANG_WARN_RANGE_LOOP_ANALYSIS = YES;
				CLANG_WARN_STRICT_PROTOTYPES = YES;
				CLANG_WARN_SUSPICIOUS_MOVE = YES;
				CLANG_WARN_UNGUARDED_AVAILABILITY = YES_AGGRESSIVE;
				CLANG_WARN_UNREACHABLE_CODE = YES;
				CLANG_WARN__DUPLICATE_METHOD_MATCH = YES;
				COPY_PHASE_STRIP = NO;
				DEBUG_INFORMATION_FORMAT = dwarf;
				ENABLE_STRICT_OBJC_MSGSEND = YES;
				ENABLE_TESTABILITY = YES;
				ENABLE_USER_SCRIPT_SANDBOXING = YES;
				GCC_C_LANGUAGE_STANDARD = gnu17;
				GCC_DYNAMIC_NO_PIC = NO;
				GCC_NO_COMMON_BLOCKS = YES;
				GCC_OPTIMIZATION_LEVEL = 0;
				GCC_PREPROCESSOR_DEFINITIONS = (
					"DEBUG=1",
					"$(inherited)",
				);
				GCC_WARN_64_TO_32_BIT_CONVERSION = YES;
				GCC_WARN_ABOUT_RETURN_TYPE = YES_ERROR;
				GCC_WARN_UNDECLARED_SELECTOR = YES;
				GCC_WARN_UNINITIALIZED_AUTOS = YES_AGGRESSIVE;
				GCC_WARN_UNUSED_FUNCTION = YES;
				GCC_WARN_UNUSED_VARIABLE = YES;
				IPHONEOS_DEPLOYMENT_TARGET = 17.0;
				LOCALIZATION_PREFERS_STRING_CATALOGS = YES;
				MTL_ENABLE_DEBUG_INFO = INCLUDE_SOURCE;
				MTL_FAST_MATH = YES;
				ONLY_ACTIVE_ARCH = YES;
				SDKROOT = iphoneos;
				SWIFT_ACTIVE_COMPILATION_CONDITIONS = "DEBUG $(inherited)";
				SWIFT_OPTIMIZATION_LEVEL = "-Onone";
			};
			name = Debug;
		};
		010813B72C6A610300B7D080 /* Release */ = {
			isa = XCBuildConfiguration;
			buildSettings = {
				ALWAYS_SEARCH_USER_PATHS = NO;
				ASSETCATALOG_COMPILER_GENERATE_SWIFT_ASSET_SYMBOL_EXTENSIONS = YES;
				CLANG_ANALYZER_NONNULL = YES;
				CLANG_ANALYZER_NUMBER_OBJECT_CONVERSION = YES_AGGRESSIVE;
				CLANG_CXX_LANGUAGE_STANDARD = "gnu++20";
				CLANG_ENABLE_MODULES = YES;
				CLANG_ENABLE_OBJC_ARC = YES;
				CLANG_ENABLE_OBJC_WEAK = YES;
				CLANG_WARN_BLOCK_CAPTURE_AUTORELEASING = YES;
				CLANG_WARN_BOOL_CONVERSION = YES;
				CLANG_WARN_COMMA = YES;
				CLANG_WARN_CONSTANT_CONVERSION = YES;
				CLANG_WARN_DEPRECATED_OBJC_IMPLEMENTATIONS = YES;
				CLANG_WARN_DIRECT_OBJC_ISA_USAGE = YES_ERROR;
				CLANG_WARN_DOCUMENTATION_COMMENTS = YES;
				CLANG_WARN_EMPTY_BODY = YES;
				CLANG_WARN_ENUM_CONVERSION = YES;
				CLANG_WARN_INFINITE_RECURSION = YES;
				CLANG_WARN_INT_CONVERSION = YES;
				CLANG_WARN_NON_LITERAL_NULL_CONVERSION = YES;
				CLANG_WARN_OBJC_IMPLICIT_RETAIN_SELF = YES;
				CLANG_WARN_OBJC_LITERAL_CONVERSION = YES;
				CLANG_WARN_OBJC_ROOT_CLASS = YES_ERROR;
				CLANG_WARN_QUOTED_INCLUDE_IN_FRAMEWORK_HEADER = YES;
				CLANG_WARN_RANGE_LOOP_ANALYSIS = YES;
				CLANG_WARN_STRICT_PROTOTYPES = YES;
				CLANG_WARN_SUSPICIOUS_MOVE = YES;
				CLANG_WARN_UNGUARDED_AVAILABILITY = YES_AGGRESSIVE;
				CLANG_WARN_UNREACHABLE_CODE = YES;
				CLANG_WARN__DUPLICATE_METHOD_MATCH = YES;
				COPY_PHASE_STRIP = NO;
				DEBUG_INFORMATION_FORMAT = "dwarf-with-dsym";
				ENABLE_NS_ASSERTIONS = NO;
				ENABLE_STRICT_OBJC_MSGSEND = YES;
				ENABLE_USER_SCRIPT_SANDBOXING = YES;
				GCC_C_LANGUAGE_STANDARD = gnu17;
				GCC_NO_COMMON_BLOCKS = YES;
				GCC_WARN_64_TO_32_BIT_CONVERSION = YES;
				GCC_WARN_ABOUT_RETURN_TYPE = YES_ERROR;
				GCC_WARN_UNDECLARED_SELECTOR = YES;
				GCC_WARN_UNINITIALIZED_AUTOS = YES_AGGRESSIVE;
				GCC_WARN_UNUSED_FUNCTION = YES;
				GCC_WARN_UNUSED_VARIABLE = YES;
				IPHONEOS_DEPLOYMENT_TARGET = 17.0;
				LOCALIZATION_PREFERS_STRING_CATALOGS = YES;
				MTL_ENABLE_DEBUG_INFO = NO;
				MTL_FAST_MATH = YES;
				SDKROOT = iphoneos;
				SWIFT_COMPILATION_MODE = wholemodule;
				VALIDATE_PRODUCT = YES;
			};
			name = Release;
		};
		010813B92C6A610300B7D080 /* Debug */ = {
			isa = XCBuildConfiguration;
			buildSettings = {
				ASSETCATALOG_COMPILER_APPICON_NAME = AppIcon;
				ASSETCATALOG_COMPILER_GLOBAL_ACCENT_COLOR_NAME = AccentColor;
				CODE_SIGN_STYLE = Manual;
				CURRENT_PROJECT_VERSION = 1;
				DEVELOPMENT_TEAM = "";
				GENERATE_INFOPLIST_FILE = YES;
				INFOPLIST_FILE = BuildOcr/Info.plist;
				INFOPLIST_KEY_UIApplicationSupportsIndirectInputEvents = YES;
				INFOPLIST_KEY_UILaunchStoryboardName = LaunchScreen;
				INFOPLIST_KEY_UIMainStoryboardFile = Main;
				INFOPLIST_KEY_UISupportedInterfaceOrientations_iPad = "UIInterfaceOrientationPortrait UIInterfaceOrientationPortraitUpsideDown UIInterfaceOrientationLandscapeLeft UIInterfaceOrientationLandscapeRight";
				INFOPLIST_KEY_UISupportedInterfaceOrientations_iPhone = "UIInterfaceOrientationPortrait UIInterfaceOrientationLandscapeLeft UIInterfaceOrientationLandscapeRight";
				LD_RUNPATH_SEARCH_PATHS = (
					"$(inherited)",
					"@executable_path/Frameworks",
				);
				MARKETING_VERSION = 1.0;
				PRODUCT_BUNDLE_IDENTIFIER = com.what3words.BuildOcr;
				PRODUCT_NAME = "$(TARGET_NAME)";
				PROVISIONING_PROFILE_SPECIFIER = "";
				SWIFT_EMIT_LOC_STRINGS = YES;
				SWIFT_VERSION = 5.0;
				TARGETED_DEVICE_FAMILY = "1,2";
			};
			name = Debug;
		};
		010813BA2C6A610300B7D080 /* Release */ = {
			isa = XCBuildConfiguration;
			buildSettings = {
				ASSETCATALOG_COMPILER_APPICON_NAME = AppIcon;
				ASSETCATALOG_COMPILER_GLOBAL_ACCENT_COLOR_NAME = AccentColor;
				CODE_SIGN_STYLE = Manual;
				CURRENT_PROJECT_VERSION = 1;
				DEVELOPMENT_TEAM = "";
				GENERATE_INFOPLIST_FILE = YES;
				INFOPLIST_FILE = BuildOcr/Info.plist;
				INFOPLIST_KEY_UIApplicationSupportsIndirectInputEvents = YES;
				INFOPLIST_KEY_UILaunchStoryboardName = LaunchScreen;
				INFOPLIST_KEY_UIMainStoryboardFile = Main;
				INFOPLIST_KEY_UISupportedInterfaceOrientations_iPad = "UIInterfaceOrientationPortrait UIInterfaceOrientationPortraitUpsideDown UIInterfaceOrientationLandscapeLeft UIInterfaceOrientationLandscapeRight";
				INFOPLIST_KEY_UISupportedInterfaceOrientations_iPhone = "UIInterfaceOrientationPortrait UIInterfaceOrientationLandscapeLeft UIInterfaceOrientationLandscapeRight";
				LD_RUNPATH_SEARCH_PATHS = (
					"$(inherited)",
					"@executable_path/Frameworks",
				);
				MARKETING_VERSION = 1.0;
				PRODUCT_BUNDLE_IDENTIFIER = com.what3words.BuildOcr;
				PRODUCT_NAME = "$(TARGET_NAME)";
				PROVISIONING_PROFILE_SPECIFIER = "";
				SWIFT_EMIT_LOC_STRINGS = YES;
				SWIFT_VERSION = 5.0;
				TARGETED_DEVICE_FAMILY = "1,2";
			};
			name = Release;
		};
		010813BC2C6A610300B7D080 /* Debug */ = {
			isa = XCBuildConfiguration;
			buildSettings = {
				ALWAYS_EMBED_SWIFT_STANDARD_LIBRARIES = YES;
				BUNDLE_LOADER = "$(TEST_HOST)";
				CODE_SIGN_STYLE = Manual;
				CURRENT_PROJECT_VERSION = 1;
				DEVELOPMENT_TEAM = "";
				GENERATE_INFOPLIST_FILE = YES;
				INFOPLIST_KEY_NSCameraUsageDescription = "Testing OCR";
				IPHONEOS_DEPLOYMENT_TARGET = 17.0;
				MARKETING_VERSION = 1.0;
				PRODUCT_BUNDLE_IDENTIFIER = com.what3words.BuildOcrTests;
				PRODUCT_NAME = "$(TARGET_NAME)";
				PROVISIONING_PROFILE_SPECIFIER = "";
				SWIFT_EMIT_LOC_STRINGS = NO;
				SWIFT_VERSION = 5.0;
				TARGETED_DEVICE_FAMILY = "1,2";
				TEST_HOST = "$(BUILT_PRODUCTS_DIR)/BuildOcr.app/$(BUNDLE_EXECUTABLE_FOLDER_PATH)/BuildOcr";
			};
			name = Debug;
		};
		010813BD2C6A610300B7D080 /* Release */ = {
			isa = XCBuildConfiguration;
			buildSettings = {
				ALWAYS_EMBED_SWIFT_STANDARD_LIBRARIES = YES;
				BUNDLE_LOADER = "$(TEST_HOST)";
				CODE_SIGN_STYLE = Manual;
				CURRENT_PROJECT_VERSION = 1;
				DEVELOPMENT_TEAM = "";
				GENERATE_INFOPLIST_FILE = YES;
				INFOPLIST_KEY_NSCameraUsageDescription = "Testing OCR";
				IPHONEOS_DEPLOYMENT_TARGET = 17.0;
				MARKETING_VERSION = 1.0;
				PRODUCT_BUNDLE_IDENTIFIER = com.what3words.BuildOcrTests;
				PRODUCT_NAME = "$(TARGET_NAME)";
				PROVISIONING_PROFILE_SPECIFIER = "";
				SWIFT_EMIT_LOC_STRINGS = NO;
				SWIFT_VERSION = 5.0;
				TARGETED_DEVICE_FAMILY = "1,2";
				TEST_HOST = "$(BUILT_PRODUCTS_DIR)/BuildOcr.app/$(BUNDLE_EXECUTABLE_FOLDER_PATH)/BuildOcr";
			};
			name = Release;
		};
		010813BF2C6A610300B7D080 /* Debug */ = {
			isa = XCBuildConfiguration;
			buildSettings = {
				ALWAYS_EMBED_SWIFT_STANDARD_LIBRARIES = YES;
				CODE_SIGN_STYLE = Manual;
				CURRENT_PROJECT_VERSION = 1;
				DEVELOPMENT_TEAM = "";
				GENERATE_INFOPLIST_FILE = YES;
				INFOPLIST_KEY_NSCameraUsageDescription = "Testing the OCR";
				MARKETING_VERSION = 1.0;
				PRODUCT_BUNDLE_IDENTIFIER = com.what3words.BuildOcrUITests;
				PRODUCT_NAME = "$(TARGET_NAME)";
				PROVISIONING_PROFILE_SPECIFIER = "";
				SWIFT_EMIT_LOC_STRINGS = NO;
				SWIFT_VERSION = 5.0;
				TARGETED_DEVICE_FAMILY = "1,2";
				TEST_TARGET_NAME = BuildOcr;
			};
			name = Debug;
		};
		010813C02C6A610300B7D080 /* Release */ = {
			isa = XCBuildConfiguration;
			buildSettings = {
				ALWAYS_EMBED_SWIFT_STANDARD_LIBRARIES = YES;
				CODE_SIGN_STYLE = Manual;
				CURRENT_PROJECT_VERSION = 1;
				DEVELOPMENT_TEAM = "";
				GENERATE_INFOPLIST_FILE = YES;
				INFOPLIST_KEY_NSCameraUsageDescription = "Testing the OCR";
				MARKETING_VERSION = 1.0;
				PRODUCT_BUNDLE_IDENTIFIER = com.what3words.BuildOcrUITests;
				PRODUCT_NAME = "$(TARGET_NAME)";
				PROVISIONING_PROFILE_SPECIFIER = "";
				SWIFT_EMIT_LOC_STRINGS = NO;
				SWIFT_VERSION = 5.0;
				TARGETED_DEVICE_FAMILY = "1,2";
				TEST_TARGET_NAME = BuildOcr;
			};
			name = Release;
		};
/* End XCBuildConfiguration section */

/* Begin XCConfigurationList section */
		010813892C6A610200B7D080 /* Build configuration list for PBXProject "BuildOcr" */ = {
			isa = XCConfigurationList;
			buildConfigurations = (
				010813B62C6A610300B7D080 /* Debug */,
				010813B72C6A610300B7D080 /* Release */,
			);
			defaultConfigurationIsVisible = 0;
			defaultConfigurationName = Release;
		};
		010813B82C6A610300B7D080 /* Build configuration list for PBXNativeTarget "BuildOcr" */ = {
			isa = XCConfigurationList;
			buildConfigurations = (
				010813B92C6A610300B7D080 /* Debug */,
				010813BA2C6A610300B7D080 /* Release */,
			);
			defaultConfigurationIsVisible = 0;
			defaultConfigurationName = Release;
		};
		010813BB2C6A610300B7D080 /* Build configuration list for PBXNativeTarget "BuildOcrTests" */ = {
			isa = XCConfigurationList;
			buildConfigurations = (
				010813BC2C6A610300B7D080 /* Debug */,
				010813BD2C6A610300B7D080 /* Release */,
			);
			defaultConfigurationIsVisible = 0;
			defaultConfigurationName = Release;
		};
		010813BE2C6A610300B7D080 /* Build configuration list for PBXNativeTarget "BuildOcrUITests" */ = {
			isa = XCConfigurationList;
			buildConfigurations = (
				010813BF2C6A610300B7D080 /* Debug */,
				010813C02C6A610300B7D080 /* Release */,
			);
			defaultConfigurationIsVisible = 0;
			defaultConfigurationName = Release;
		};
/* End XCConfigurationList section */

/* Begin XCLocalSwiftPackageReference section */
		010813C12C6A613700B7D080 /* XCLocalSwiftPackageReference "../../.." */ = {
			isa = XCLocalSwiftPackageReference;
			relativePath = ../../..;
		};
/* End XCLocalSwiftPackageReference section */

/* Begin XCSwiftPackageProductDependency section */
		010813C22C6A613700B7D080 /* W3WSwiftComponentsOcr */ = {
			isa = XCSwiftPackageProductDependency;
			productName = W3WSwiftComponentsOcr;
		};
/* End XCSwiftPackageProductDependency section */
	};
	rootObject = 010813862C6A610200B7D080 /* Project object */;
}
